
Microsoft Visual Studio Solution File, Format Version 12.00
# Visual Studio 14
VisualStudioVersion = 14.0.25402.0
MinimumVisualStudioVersion = 10.0.40219.1
Project("{2150E333-8FDC-42A3-9474-1A3956D46DE8}") = "Templates", "Templates", "{B419E688-5FE4-4AB3-A298-D539B2D2DE09}"
	ProjectSection(SolutionItems) = preProject
		MVVMCross.Application.Template\__TemplateIcon.png = MVVMCross.Application.Template\__TemplateIcon.png
		MVVMCross.Application.Template\Root.vstemplate = MVVMCross.Application.Template\Root.vstemplate
	EndProjectSection
EndProject
Project("{2150E333-8FDC-42A3-9474-1A3956D46DE8}") = "VSIX", "VSIX", "{F4380D27-6A08-4A42-B0A8-3A54F5DF4049}"
EndProject
Project("{FAE04EC0-301F-11D3-BF4B-00C04F79EFBC}") = "MvvmCross-VSAddIn", "MVVMCross-VSAddIn\MvvmCross-VSAddIn.csproj", "{B8A04332-89CC-4C18-A6E3-FF7D4BD03F83}"
EndProject
Project("{2150E333-8FDC-42A3-9474-1A3956D46DE8}") = "MVVMCrossAndroidApplication", "MVVMCrossAndroidApplication", "{9ADD8F9D-7722-47CF-8F60-40E10F2E90B3}"
	ProjectSection(SolutionItems) = preProject
		MVVMCross.Application.Template\MVVMCrossAndroidApplication\__TemplateIcon.png = MVVMCross.Application.Template\MVVMCrossAndroidApplication\__TemplateIcon.png
		MVVMCross.Application.Template\MVVMCrossAndroidApplication\DebugTrace.cs = MVVMCross.Application.Template\MVVMCrossAndroidApplication\DebugTrace.cs
		MVVMCross.Application.Template\MVVMCrossAndroidApplication\LinkerPleaseInclude.cs = MVVMCross.Application.Template\MVVMCrossAndroidApplication\LinkerPleaseInclude.cs
		MVVMCross.Application.Template\MVVMCrossAndroidApplication\MvvmCross-VSAddIn.Droid.csproj = MVVMCross.Application.Template\MVVMCrossAndroidApplication\MvvmCross-VSAddIn.Droid.csproj
		MVVMCross.Application.Template\MVVMCrossAndroidApplication\MVVMCrossAndroidApplication.vstemplate = MVVMCross.Application.Template\MVVMCrossAndroidApplication\MVVMCrossAndroidApplication.vstemplate
		MVVMCross.Application.Template\MVVMCrossAndroidApplication\packages.config = MVVMCross.Application.Template\MVVMCrossAndroidApplication\packages.config
		MVVMCross.Application.Template\MVVMCrossAndroidApplication\Setup.cs = MVVMCross.Application.Template\MVVMCrossAndroidApplication\Setup.cs
		MVVMCross.Application.Template\MVVMCrossAndroidApplication\SplashScreen.cs = MVVMCross.Application.Template\MVVMCrossAndroidApplication\SplashScreen.cs
	EndProjectSection
EndProject
Project("{2150E333-8FDC-42A3-9474-1A3956D46DE8}") = "MVVMCrossCorePCL", "MVVMCrossCorePCL", "{0C1CA4C3-29B9-4126-BDDD-DBBCB1C792CD}"
	ProjectSection(SolutionItems) = preProject
		MVVMCross.Application.Template\MVVMCrossCorePCL\__TemplateIcon.png = MVVMCross.Application.Template\MVVMCrossCorePCL\__TemplateIcon.png
		MVVMCross.Application.Template\MVVMCrossCorePCL\App.cs = MVVMCross.Application.Template\MVVMCrossCorePCL\App.cs
		MVVMCross.Application.Template\MVVMCrossCorePCL\MvvmCross-VSAddIn.Core.csproj = MVVMCross.Application.Template\MVVMCrossCorePCL\MvvmCross-VSAddIn.Core.csproj
		MVVMCross.Application.Template\MVVMCrossCorePCL\MVVMCrossCorePCL.vstemplate = MVVMCross.Application.Template\MVVMCrossCorePCL\MVVMCrossCorePCL.vstemplate
		MVVMCross.Application.Template\MVVMCrossCorePCL\packages.config = MVVMCross.Application.Template\MVVMCrossCorePCL\packages.config
	EndProjectSection
EndProject
Project("{2150E333-8FDC-42A3-9474-1A3956D46DE8}") = "MVVMCrossiOSApplication", "MVVMCrossiOSApplication", "{AB995DEE-E502-430C-8054-878D5915462F}"
	ProjectSection(SolutionItems) = preProject
		MVVMCross.Application.Template\MVVMCrossiOSApplication\__TemplateIcon.png = MVVMCross.Application.Template\MVVMCrossiOSApplication\__TemplateIcon.png
		MVVMCross.Application.Template\MVVMCrossiOSApplication\AppDelegate.cs = MVVMCross.Application.Template\MVVMCrossiOSApplication\AppDelegate.cs
		MVVMCross.Application.Template\MVVMCrossiOSApplication\DebugTrace.cs = MVVMCross.Application.Template\MVVMCrossiOSApplication\DebugTrace.cs
		MVVMCross.Application.Template\MVVMCrossiOSApplication\Entitlements.plist = MVVMCross.Application.Template\MVVMCrossiOSApplication\Entitlements.plist
		MVVMCross.Application.Template\MVVMCrossiOSApplication\Info.plist = MVVMCross.Application.Template\MVVMCrossiOSApplication\Info.plist
		MVVMCross.Application.Template\MVVMCrossiOSApplication\LinkerPleaseInclude.cs = MVVMCross.Application.Template\MVVMCrossiOSApplication\LinkerPleaseInclude.cs
		MVVMCross.Application.Template\MVVMCrossiOSApplication\Main.cs = MVVMCross.Application.Template\MVVMCrossiOSApplication\Main.cs
		MVVMCross.Application.Template\MVVMCrossiOSApplication\MvvmCross-VSAddIn.iOS.csproj = MVVMCross.Application.Template\MVVMCrossiOSApplication\MvvmCross-VSAddIn.iOS.csproj
		MVVMCross.Application.Template\MVVMCrossiOSApplication\MVVMCrossiOSApplication.vstemplate = MVVMCross.Application.Template\MVVMCrossiOSApplication\MVVMCrossiOSApplication.vstemplate
		MVVMCross.Application.Template\MVVMCrossiOSApplication\packages.config = MVVMCross.Application.Template\MVVMCrossiOSApplication\packages.config
		MVVMCross.Application.Template\MVVMCrossiOSApplication\Setup.cs = MVVMCross.Application.Template\MVVMCrossiOSApplication\Setup.cs
	EndProjectSection
EndProject
Project("{2150E333-8FDC-42A3-9474-1A3956D46DE8}") = "MVVMCrossUWPApplication", "MVVMCrossUWPApplication", "{2C5ED996-4BCE-4D95-8E16-B7ABCACD9C3E}"
	ProjectSection(SolutionItems) = preProject
		MVVMCross.Application.Template\MVVMCrossUWPApplication\__TemplateIcon.png = MVVMCross.Application.Template\MVVMCrossUWPApplication\__TemplateIcon.png
		MVVMCross.Application.Template\MVVMCrossUWPApplication\App.xaml = MVVMCross.Application.Template\MVVMCrossUWPApplication\App.xaml
		MVVMCross.Application.Template\MVVMCrossUWPApplication\App.xaml.cs = MVVMCross.Application.Template\MVVMCrossUWPApplication\App.xaml.cs
		MVVMCross.Application.Template\MVVMCrossUWPApplication\MvvmCross-VSAddIn.UWP.csproj = MVVMCross.Application.Template\MVVMCrossUWPApplication\MvvmCross-VSAddIn.UWP.csproj
		MVVMCross.Application.Template\MVVMCrossUWPApplication\MvvmCross-VSAddIn.UWP_TemporaryKey.pfx = MVVMCross.Application.Template\MVVMCrossUWPApplication\MvvmCross-VSAddIn.UWP_TemporaryKey.pfx
		MVVMCross.Application.Template\MVVMCrossUWPApplication\MVVMCrossUWPApplication.vstemplate = MVVMCross.Application.Template\MVVMCrossUWPApplication\MVVMCrossUWPApplication.vstemplate
		MVVMCross.Application.Template\MVVMCrossUWPApplication\Package.appxmanifest = MVVMCross.Application.Template\MVVMCrossUWPApplication\Package.appxmanifest
		MVVMCross.Application.Template\MVVMCrossUWPApplication\project.json = MVVMCross.Application.Template\MVVMCrossUWPApplication\project.json
		MVVMCross.Application.Template\MVVMCrossUWPApplication\Setup.cs = MVVMCross.Application.Template\MVVMCrossUWPApplication\Setup.cs
	EndProjectSection
EndProject
Project("{2150E333-8FDC-42A3-9474-1A3956D46DE8}") = "MVVMCrossWindowsStoreApplication", "MVVMCrossWindowsStoreApplication", "{9A8DE04E-7108-41DC-ABB3-34A32DEB0347}"
	ProjectSection(SolutionItems) = preProject
		MVVMCross.Application.Template\MVVMCrossWindowsStoreApplication\__TemplateIcon.png = MVVMCross.Application.Template\MVVMCrossWindowsStoreApplication\__TemplateIcon.png
		MVVMCross.Application.Template\MVVMCrossWindowsStoreApplication\App.xaml = MVVMCross.Application.Template\MVVMCrossWindowsStoreApplication\App.xaml
		MVVMCross.Application.Template\MVVMCrossWindowsStoreApplication\App.xaml.cs = MVVMCross.Application.Template\MVVMCrossWindowsStoreApplication\App.xaml.cs
		MVVMCross.Application.Template\MVVMCrossWindowsStoreApplication\DebugTrace.cs = MVVMCross.Application.Template\MVVMCrossWindowsStoreApplication\DebugTrace.cs
		MVVMCross.Application.Template\MVVMCrossWindowsStoreApplication\MainPage.xaml = MVVMCross.Application.Template\MVVMCrossWindowsStoreApplication\MainPage.xaml
		MVVMCross.Application.Template\MVVMCrossWindowsStoreApplication\MainPage.xaml.cs = MVVMCross.Application.Template\MVVMCrossWindowsStoreApplication\MainPage.xaml.cs
		MVVMCross.Application.Template\MVVMCrossWindowsStoreApplication\MvvmCross-VSAddIn.Store.Windows.csproj = MVVMCross.Application.Template\MVVMCrossWindowsStoreApplication\MvvmCross-VSAddIn.Store.Windows.csproj
		MVVMCross.Application.Template\MVVMCrossWindowsStoreApplication\MvvmCross-VSAddIn.Store.Windows_TemporaryKey.pfx = MVVMCross.Application.Template\MVVMCrossWindowsStoreApplication\MvvmCross-VSAddIn.Store.Windows_TemporaryKey.pfx
		MVVMCross.Application.Template\MVVMCrossWindowsStoreApplication\MVVMCrossWindowsStoreApplication.vstemplate = MVVMCross.Application.Template\MVVMCrossWindowsStoreApplication\MVVMCrossWindowsStoreApplication.vstemplate
		MVVMCross.Application.Template\MVVMCrossWindowsStoreApplication\Package.appxmanifest = MVVMCross.Application.Template\MVVMCrossWindowsStoreApplication\Package.appxmanifest
		MVVMCross.Application.Template\MVVMCrossWindowsStoreApplication\packages.config = MVVMCross.Application.Template\MVVMCrossWindowsStoreApplication\packages.config
		MVVMCross.Application.Template\MVVMCrossWindowsStoreApplication\Setup.cs = MVVMCross.Application.Template\MVVMCrossWindowsStoreApplication\Setup.cs
	EndProjectSection
EndProject
Project("{2150E333-8FDC-42A3-9474-1A3956D46DE8}") = "MVVMCrossWindowsStorePhoneApplication", "MVVMCrossWindowsStorePhoneApplication", "{B2B80D38-C9F7-440A-9534-D141C5BCCB16}"
	ProjectSection(SolutionItems) = preProject
		MVVMCross.Application.Template\MVVMCrossWindowsStorePhoneApplication\__TemplateIcon.png = MVVMCross.Application.Template\MVVMCrossWindowsStorePhoneApplication\__TemplateIcon.png
		MVVMCross.Application.Template\MVVMCrossWindowsStorePhoneApplication\App.xaml = MVVMCross.Application.Template\MVVMCrossWindowsStorePhoneApplication\App.xaml
		MVVMCross.Application.Template\MVVMCrossWindowsStorePhoneApplication\App.xaml.cs = MVVMCross.Application.Template\MVVMCrossWindowsStorePhoneApplication\App.xaml.cs
		MVVMCross.Application.Template\MVVMCrossWindowsStorePhoneApplication\DebugTrace.cs = MVVMCross.Application.Template\MVVMCrossWindowsStorePhoneApplication\DebugTrace.cs
		MVVMCross.Application.Template\MVVMCrossWindowsStorePhoneApplication\MainPage.xaml = MVVMCross.Application.Template\MVVMCrossWindowsStorePhoneApplication\MainPage.xaml
		MVVMCross.Application.Template\MVVMCrossWindowsStorePhoneApplication\MainPage.xaml.cs = MVVMCross.Application.Template\MVVMCrossWindowsStorePhoneApplication\MainPage.xaml.cs
		MVVMCross.Application.Template\MVVMCrossWindowsStorePhoneApplication\MvvmCross-VSAddIn.Store.WindowsPhone.csproj = MVVMCross.Application.Template\MVVMCrossWindowsStorePhoneApplication\MvvmCross-VSAddIn.Store.WindowsPhone.csproj
		MVVMCross.Application.Template\MVVMCrossWindowsStorePhoneApplication\MVVMCrossWindowsStorePhoneApplication.vstemplate = MVVMCross.Application.Template\MVVMCrossWindowsStorePhoneApplication\MVVMCrossWindowsStorePhoneApplication.vstemplate
		MVVMCross.Application.Template\MVVMCrossWindowsStorePhoneApplication\Package.appxmanifest = MVVMCross.Application.Template\MVVMCrossWindowsStorePhoneApplication\Package.appxmanifest
		MVVMCross.Application.Template\MVVMCrossWindowsStorePhoneApplication\packages.config = MVVMCross.Application.Template\MVVMCrossWindowsStorePhoneApplication\packages.config
		MVVMCross.Application.Template\MVVMCrossWindowsStorePhoneApplication\Setup.cs = MVVMCross.Application.Template\MVVMCrossWindowsStorePhoneApplication\Setup.cs
	EndProjectSection
EndProject
Project("{2150E333-8FDC-42A3-9474-1A3956D46DE8}") = "MVVMCrossWPFApplication", "MVVMCrossWPFApplication", "{7A098724-A268-4D92-84C2-5FC24CA11E5B}"
	ProjectSection(SolutionItems) = preProject
		MVVMCross.Application.Template\MVVMCrossWPFApplication\__TemplateIcon.png = MVVMCross.Application.Template\MVVMCrossWPFApplication\__TemplateIcon.png
		MVVMCross.Application.Template\MVVMCrossWPFApplication\App.config = MVVMCross.Application.Template\MVVMCrossWPFApplication\App.config
		MVVMCross.Application.Template\MVVMCrossWPFApplication\App.xaml = MVVMCross.Application.Template\MVVMCrossWPFApplication\App.xaml
		MVVMCross.Application.Template\MVVMCrossWPFApplication\App.xaml.cs = MVVMCross.Application.Template\MVVMCrossWPFApplication\App.xaml.cs
		MVVMCross.Application.Template\MVVMCrossWPFApplication\App.Xaml.Mvx.cs = MVVMCross.Application.Template\MVVMCrossWPFApplication\App.Xaml.Mvx.cs
		MVVMCross.Application.Template\MVVMCrossWPFApplication\DebugTrace.cs = MVVMCross.Application.Template\MVVMCrossWPFApplication\DebugTrace.cs
		MVVMCross.Application.Template\MVVMCrossWPFApplication\MainWindow.xaml = MVVMCross.Application.Template\MVVMCrossWPFApplication\MainWindow.xaml
		MVVMCross.Application.Template\MVVMCrossWPFApplication\MainWindow.xaml.cs = MVVMCross.Application.Template\MVVMCrossWPFApplication\MainWindow.xaml.cs
		MVVMCross.Application.Template\MVVMCrossWPFApplication\MvvmCross-VSAddIn.Wpf.csproj = MVVMCross.Application.Template\MVVMCrossWPFApplication\MvvmCross-VSAddIn.Wpf.csproj
		MVVMCross.Application.Template\MVVMCrossWPFApplication\MVVMCrossWPFApplication.vstemplate = MVVMCross.Application.Template\MVVMCrossWPFApplication\MVVMCrossWPFApplication.vstemplate
		MVVMCross.Application.Template\MVVMCrossWPFApplication\packages.config = MVVMCross.Application.Template\MVVMCrossWPFApplication\packages.config
		MVVMCross.Application.Template\MVVMCrossWPFApplication\Setup.cs = MVVMCross.Application.Template\MVVMCrossWPFApplication\Setup.cs
	EndProjectSection
EndProject
Project("{2150E333-8FDC-42A3-9474-1A3956D46DE8}") = "Assets", "Assets", "{6345003B-1385-4BD0-9B46-C779EF5A5039}"
	ProjectSection(SolutionItems) = preProject
		MVVMCross.Application.Template\MVVMCrossAndroidApplication\Assets\AboutAssets.txt = MVVMCross.Application.Template\MVVMCrossAndroidApplication\Assets\AboutAssets.txt
	EndProjectSection
EndProject
Project("{2150E333-8FDC-42A3-9474-1A3956D46DE8}") = "Bootstrap", "Bootstrap", "{604D5099-372E-429E-AC27-E8FC48BE0E11}"
	ProjectSection(SolutionItems) = preProject
		MVVMCross.Application.Template\MVVMCrossAndroidApplication\Bootstrap\JsonPluginBootstrap.cs = MVVMCross.Application.Template\MVVMCrossAndroidApplication\Bootstrap\JsonPluginBootstrap.cs
	EndProjectSection
EndProject
Project("{2150E333-8FDC-42A3-9474-1A3956D46DE8}") = "Properties", "Properties", "{7CC4C95C-E7AE-4B70-A987-528DF59C5B71}"
	ProjectSection(SolutionItems) = preProject
		MVVMCross.Application.Template\MVVMCrossAndroidApplication\Properties\AndroidManifest.xml = MVVMCross.Application.Template\MVVMCrossAndroidApplication\Properties\AndroidManifest.xml
		MVVMCross.Application.Template\MVVMCrossAndroidApplication\Properties\AssemblyInfo.cs = MVVMCross.Application.Template\MVVMCrossAndroidApplication\Properties\AssemblyInfo.cs
	EndProjectSection
EndProject
Project("{2150E333-8FDC-42A3-9474-1A3956D46DE8}") = "Resources", "Resources", "{FB458213-7D75-416B-9E54-4DDA5B00D727}"
	ProjectSection(SolutionItems) = preProject
		MVVMCross.Application.Template\MVVMCrossAndroidApplication\Resources\AboutResources.txt = MVVMCross.Application.Template\MVVMCrossAndroidApplication\Resources\AboutResources.txt
		MVVMCross.Application.Template\MVVMCrossAndroidApplication\Resources\Resource.Designer.cs = MVVMCross.Application.Template\MVVMCrossAndroidApplication\Resources\Resource.Designer.cs
	EndProjectSection
EndProject
Project("{2150E333-8FDC-42A3-9474-1A3956D46DE8}") = "Views", "Views", "{A0D1AEAD-3416-47D7-B581-CB2E574BA76C}"
	ProjectSection(SolutionItems) = preProject
		MVVMCross.Application.Template\MVVMCrossAndroidApplication\Views\BaseView.cs = MVVMCross.Application.Template\MVVMCrossAndroidApplication\Views\BaseView.cs
		MVVMCross.Application.Template\MVVMCrossAndroidApplication\Views\FirstView.cs = MVVMCross.Application.Template\MVVMCrossAndroidApplication\Views\FirstView.cs
	EndProjectSection
EndProject
Project("{2150E333-8FDC-42A3-9474-1A3956D46DE8}") = "drawable", "drawable", "{8FF110CE-7520-4807-A7E5-6615117AFC27}"
	ProjectSection(SolutionItems) = preProject
		MVVMCross.Application.Template\MVVMCrossAndroidApplication\Resources\drawable\Icon.png = MVVMCross.Application.Template\MVVMCrossAndroidApplication\Resources\drawable\Icon.png
		MVVMCross.Application.Template\MVVMCrossAndroidApplication\Resources\drawable\splash.png = MVVMCross.Application.Template\MVVMCrossAndroidApplication\Resources\drawable\splash.png
	EndProjectSection
EndProject
Project("{2150E333-8FDC-42A3-9474-1A3956D46DE8}") = "drawable-hdpi", "drawable-hdpi", "{097E3041-E23B-453A-A74C-D12D86D81E36}"
	ProjectSection(SolutionItems) = preProject
		MVVMCross.Application.Template\MVVMCrossAndroidApplication\Resources\drawable-hdpi\Icon.png = MVVMCross.Application.Template\MVVMCrossAndroidApplication\Resources\drawable-hdpi\Icon.png
	EndProjectSection
EndProject
Project("{2150E333-8FDC-42A3-9474-1A3956D46DE8}") = "drawable-mhdpi", "drawable-mhdpi", "{FFFCBF46-ABB7-4FC0-BECD-2884F9B98115}"
	ProjectSection(SolutionItems) = preProject
		MVVMCross.Application.Template\MVVMCrossAndroidApplication\Resources\drawable-mdpi\Icon.png = MVVMCross.Application.Template\MVVMCrossAndroidApplication\Resources\drawable-mdpi\Icon.png
	EndProjectSection
EndProject
Project("{2150E333-8FDC-42A3-9474-1A3956D46DE8}") = "drawable-xhdpi", "drawable-xhdpi", "{100D7AD9-BD71-4086-B80F-84B954BECBFD}"
	ProjectSection(SolutionItems) = preProject
		MVVMCross.Application.Template\MVVMCrossAndroidApplication\Resources\drawable-xhdpi\Icon.png = MVVMCross.Application.Template\MVVMCrossAndroidApplication\Resources\drawable-xhdpi\Icon.png
	EndProjectSection
EndProject
Project("{2150E333-8FDC-42A3-9474-1A3956D46DE8}") = "drawable-xxhdpi", "drawable-xxhdpi", "{27B8FDA9-6E9B-40BE-A806-A5D95F836D5E}"
	ProjectSection(SolutionItems) = preProject
		MVVMCross.Application.Template\MVVMCrossAndroidApplication\Resources\drawable-xxhdpi\Icon.png = MVVMCross.Application.Template\MVVMCrossAndroidApplication\Resources\drawable-xxhdpi\Icon.png
	EndProjectSection
EndProject
Project("{2150E333-8FDC-42A3-9474-1A3956D46DE8}") = "drawable-xxxhdpi", "drawable-xxxhdpi", "{8953DAAD-D8B3-4C27-A4A9-F12755FE5655}"
	ProjectSection(SolutionItems) = preProject
		MVVMCross.Application.Template\MVVMCrossAndroidApplication\Resources\drawable-xxxhdpi\Icon.png = MVVMCross.Application.Template\MVVMCrossAndroidApplication\Resources\drawable-xxxhdpi\Icon.png
	EndProjectSection
EndProject
Project("{2150E333-8FDC-42A3-9474-1A3956D46DE8}") = "layout", "layout", "{3E954A9E-EC58-4899-8F1E-8CCF4E4916BF}"
	ProjectSection(SolutionItems) = preProject
		MVVMCross.Application.Template\MVVMCrossAndroidApplication\Resources\layout\FirstView.axml = MVVMCross.Application.Template\MVVMCrossAndroidApplication\Resources\layout\FirstView.axml
		MVVMCross.Application.Template\MVVMCrossAndroidApplication\Resources\layout\SplashScreen.axml = MVVMCross.Application.Template\MVVMCrossAndroidApplication\Resources\layout\SplashScreen.axml
		MVVMCross.Application.Template\MVVMCrossAndroidApplication\Resources\layout\toolbar.axml = MVVMCross.Application.Template\MVVMCrossAndroidApplication\Resources\layout\toolbar.axml
	EndProjectSection
EndProject
Project("{2150E333-8FDC-42A3-9474-1A3956D46DE8}") = "values", "values", "{0879A297-21D5-498B-B9A9-9632FCC78DAE}"
	ProjectSection(SolutionItems) = preProject
		MVVMCross.Application.Template\MVVMCrossAndroidApplication\Resources\values\arrays.xml = MVVMCross.Application.Template\MVVMCrossAndroidApplication\Resources\values\arrays.xml
		MVVMCross.Application.Template\MVVMCrossAndroidApplication\Resources\values\colors.xml = MVVMCross.Application.Template\MVVMCrossAndroidApplication\Resources\values\colors.xml
		MVVMCross.Application.Template\MVVMCrossAndroidApplication\Resources\values\dimens.xml = MVVMCross.Application.Template\MVVMCrossAndroidApplication\Resources\values\dimens.xml
		MVVMCross.Application.Template\MVVMCrossAndroidApplication\Resources\values\integers.xml = MVVMCross.Application.Template\MVVMCrossAndroidApplication\Resources\values\integers.xml
		MVVMCross.Application.Template\MVVMCrossAndroidApplication\Resources\values\SplashStyle.xml = MVVMCross.Application.Template\MVVMCrossAndroidApplication\Resources\values\SplashStyle.xml
		MVVMCross.Application.Template\MVVMCrossAndroidApplication\Resources\values\strings.xml = MVVMCross.Application.Template\MVVMCrossAndroidApplication\Resources\values\strings.xml
		MVVMCross.Application.Template\MVVMCrossAndroidApplication\Resources\values\styles.xml = MVVMCross.Application.Template\MVVMCrossAndroidApplication\Resources\values\styles.xml
	EndProjectSection
EndProject
Project("{2150E333-8FDC-42A3-9474-1A3956D46DE8}") = "values-v21", "values-v21", "{068B9296-2BD9-41C3-BCE4-1D887C480F39}"
	ProjectSection(SolutionItems) = preProject
		MVVMCross.Application.Template\MVVMCrossAndroidApplication\Resources\values-v21\styles.xml = MVVMCross.Application.Template\MVVMCrossAndroidApplication\Resources\values-v21\styles.xml
	EndProjectSection
EndProject
Project("{2150E333-8FDC-42A3-9474-1A3956D46DE8}") = "ViewModels", "ViewModels", "{1FAC18DF-3358-4492-A519-48B679B3B890}"
	ProjectSection(SolutionItems) = preProject
		MVVMCross.Application.Template\MVVMCrossCorePCL\ViewModels\FirstViewModel.cs = MVVMCross.Application.Template\MVVMCrossCorePCL\ViewModels\FirstViewModel.cs
	EndProjectSection
EndProject
Project("{2150E333-8FDC-42A3-9474-1A3956D46DE8}") = "Properties", "Properties", "{E4D0045A-8A2A-472E-A926-543465F6E9E7}"
	ProjectSection(SolutionItems) = preProject
		MVVMCross.Application.Template\MVVMCrossCorePCL\Properties\AssemblyInfo.cs = MVVMCross.Application.Template\MVVMCrossCorePCL\Properties\AssemblyInfo.cs
	EndProjectSection
EndProject
Project("{2150E333-8FDC-42A3-9474-1A3956D46DE8}") = "Views", "Views", "{3AD6177E-3B83-496F-9161-A2989C75FE13}"
	ProjectSection(SolutionItems) = preProject
		MVVMCross.Application.Template\MVVMCrossiOSApplication\Views\FirstView.cs = MVVMCross.Application.Template\MVVMCrossiOSApplication\Views\FirstView.cs
		MVVMCross.Application.Template\MVVMCrossiOSApplication\Views\FirstView.designer.cs = MVVMCross.Application.Template\MVVMCrossiOSApplication\Views\FirstView.designer.cs
		MVVMCross.Application.Template\MVVMCrossiOSApplication\Views\FirstView.storyboard = MVVMCross.Application.Template\MVVMCrossiOSApplication\Views\FirstView.storyboard
	EndProjectSection
EndProject
Project("{2150E333-8FDC-42A3-9474-1A3956D46DE8}") = "Resources", "Resources", "{6D726D7C-515E-474B-B22A-7733C3A51DD3}"
	ProjectSection(SolutionItems) = preProject
		MVVMCross.Application.Template\MVVMCrossiOSApplication\Resources\LaunchScreen.xib = MVVMCross.Application.Template\MVVMCrossiOSApplication\Resources\LaunchScreen.xib
	EndProjectSection
EndProject
Project("{2150E333-8FDC-42A3-9474-1A3956D46DE8}") = "Properties", "Properties", "{1ECF9406-F20B-4A2F-A69F-8505EBD0E970}"
	ProjectSection(SolutionItems) = preProject
		MVVMCross.Application.Template\MVVMCrossiOSApplication\Properties\AssemblyInfo.cs = MVVMCross.Application.Template\MVVMCrossiOSApplication\Properties\AssemblyInfo.cs
	EndProjectSection
EndProject
Project("{2150E333-8FDC-42A3-9474-1A3956D46DE8}") = "Views", "Views", "{C4111A94-70B9-46F2-9FA8-C320B7F524B1}"
	ProjectSection(SolutionItems) = preProject
		MVVMCross.Application.Template\MVVMCrossUWPApplication\Views\FirstView.xaml = MVVMCross.Application.Template\MVVMCrossUWPApplication\Views\FirstView.xaml
		MVVMCross.Application.Template\MVVMCrossUWPApplication\Views\FirstView.xaml.cs = MVVMCross.Application.Template\MVVMCrossUWPApplication\Views\FirstView.xaml.cs
	EndProjectSection
EndProject
Project("{2150E333-8FDC-42A3-9474-1A3956D46DE8}") = "Properties", "Properties", "{C3C3E4C9-4BB9-4351-872B-80F955593AFD}"
	ProjectSection(SolutionItems) = preProject
		MVVMCross.Application.Template\MVVMCrossUWPApplication\Properties\AssemblyInfo.cs = MVVMCross.Application.Template\MVVMCrossUWPApplication\Properties\AssemblyInfo.cs
		MVVMCross.Application.Template\MVVMCrossUWPApplication\Properties\Default.rd.xml = MVVMCross.Application.Template\MVVMCrossUWPApplication\Properties\Default.rd.xml
	EndProjectSection
EndProject
Project("{2150E333-8FDC-42A3-9474-1A3956D46DE8}") = "Assets", "Assets", "{F87ED409-DB89-458F-8407-74DEE91620BE}"
	ProjectSection(SolutionItems) = preProject
		MVVMCross.Application.Template\MVVMCrossUWPApplication\Assets\LockScreenLogo.scale-200.png = MVVMCross.Application.Template\MVVMCrossUWPApplication\Assets\LockScreenLogo.scale-200.png
		MVVMCross.Application.Template\MVVMCrossUWPApplication\Assets\SplashScreen.scale-200.png = MVVMCross.Application.Template\MVVMCrossUWPApplication\Assets\SplashScreen.scale-200.png
		MVVMCross.Application.Template\MVVMCrossUWPApplication\Assets\Square150x150Logo.scale-200.png = MVVMCross.Application.Template\MVVMCrossUWPApplication\Assets\Square150x150Logo.scale-200.png
		MVVMCross.Application.Template\MVVMCrossUWPApplication\Assets\Square44x44Logo.scale-200.png = MVVMCross.Application.Template\MVVMCrossUWPApplication\Assets\Square44x44Logo.scale-200.png
		MVVMCross.Application.Template\MVVMCrossUWPApplication\Assets\Square44x44Logo.targetsize-24_altform-unplated.png = MVVMCross.Application.Template\MVVMCrossUWPApplication\Assets\Square44x44Logo.targetsize-24_altform-unplated.png
		MVVMCross.Application.Template\MVVMCrossUWPApplication\Assets\StoreLogo.png = MVVMCross.Application.Template\MVVMCrossUWPApplication\Assets\StoreLogo.png
		MVVMCross.Application.Template\MVVMCrossUWPApplication\Assets\Wide310x150Logo.scale-200.png = MVVMCross.Application.Template\MVVMCrossUWPApplication\Assets\Wide310x150Logo.scale-200.png
	EndProjectSection
EndProject
Project("{2150E333-8FDC-42A3-9474-1A3956D46DE8}") = "Views", "Views", "{91D5946E-7F51-4D5F-AA84-32440B9DD1B3}"
	ProjectSection(SolutionItems) = preProject
		MVVMCross.Application.Template\MVVMCrossWindowsStoreApplication\Views\FirstView.xaml = MVVMCross.Application.Template\MVVMCrossWindowsStoreApplication\Views\FirstView.xaml
		MVVMCross.Application.Template\MVVMCrossWindowsStoreApplication\Views\FirstView.xaml.cs = MVVMCross.Application.Template\MVVMCrossWindowsStoreApplication\Views\FirstView.xaml.cs
	EndProjectSection
EndProject
Project("{2150E333-8FDC-42A3-9474-1A3956D46DE8}") = "Properties", "Properties", "{4159E2D7-C6E8-4764-AA13-A952C9C3D811}"
	ProjectSection(SolutionItems) = preProject
		MVVMCross.Application.Template\MVVMCrossWindowsStoreApplication\Properties\AssemblyInfo.cs = MVVMCross.Application.Template\MVVMCrossWindowsStoreApplication\Properties\AssemblyInfo.cs
	EndProjectSection
EndProject
Project("{2150E333-8FDC-42A3-9474-1A3956D46DE8}") = "Assets", "Assets", "{9E71A478-36F2-4D17-A9CA-E895A51ACC55}"
	ProjectSection(SolutionItems) = preProject
		MVVMCross.Application.Template\MVVMCrossWindowsStoreApplication\Assets\Logo.scale-100.png = MVVMCross.Application.Template\MVVMCrossWindowsStoreApplication\Assets\Logo.scale-100.png
		MVVMCross.Application.Template\MVVMCrossWindowsStoreApplication\Assets\SmallLogo.scale-100.png = MVVMCross.Application.Template\MVVMCrossWindowsStoreApplication\Assets\SmallLogo.scale-100.png
		MVVMCross.Application.Template\MVVMCrossWindowsStoreApplication\Assets\SplashScreen.scale-100.png = MVVMCross.Application.Template\MVVMCrossWindowsStoreApplication\Assets\SplashScreen.scale-100.png
		MVVMCross.Application.Template\MVVMCrossWindowsStoreApplication\Assets\StoreLogo.scale-100.png = MVVMCross.Application.Template\MVVMCrossWindowsStoreApplication\Assets\StoreLogo.scale-100.png
	EndProjectSection
EndProject
Project("{2150E333-8FDC-42A3-9474-1A3956D46DE8}") = "Views", "Views", "{361FA6C7-06D8-4FDE-9095-AA1DFD4235A1}"
	ProjectSection(SolutionItems) = preProject
		MVVMCross.Application.Template\MVVMCrossWindowsStorePhoneApplication\Views\FirstView.xaml = MVVMCross.Application.Template\MVVMCrossWindowsStorePhoneApplication\Views\FirstView.xaml
		MVVMCross.Application.Template\MVVMCrossWindowsStorePhoneApplication\Views\FirstView.xaml.cs = MVVMCross.Application.Template\MVVMCrossWindowsStorePhoneApplication\Views\FirstView.xaml.cs
	EndProjectSection
EndProject
Project("{2150E333-8FDC-42A3-9474-1A3956D46DE8}") = "Properties", "Properties", "{BBD05F2C-43FB-48C2-947E-9B97F2E5210F}"
	ProjectSection(SolutionItems) = preProject
		MVVMCross.Application.Template\MVVMCrossWindowsStorePhoneApplication\Properties\AssemblyInfo.cs = MVVMCross.Application.Template\MVVMCrossWindowsStorePhoneApplication\Properties\AssemblyInfo.cs
	EndProjectSection
EndProject
Project("{2150E333-8FDC-42A3-9474-1A3956D46DE8}") = "Assets", "Assets", "{5E500A73-E776-4D66-84A7-2669B22BD9BD}"
	ProjectSection(SolutionItems) = preProject
		MVVMCross.Application.Template\MVVMCrossWindowsStorePhoneApplication\Assets\Logo.scale-240.png = MVVMCross.Application.Template\MVVMCrossWindowsStorePhoneApplication\Assets\Logo.scale-240.png
		MVVMCross.Application.Template\MVVMCrossWindowsStorePhoneApplication\Assets\SmallLogo.scale-240.png = MVVMCross.Application.Template\MVVMCrossWindowsStorePhoneApplication\Assets\SmallLogo.scale-240.png
		MVVMCross.Application.Template\MVVMCrossWindowsStorePhoneApplication\Assets\SplashScreen.scale-240.png = MVVMCross.Application.Template\MVVMCrossWindowsStorePhoneApplication\Assets\SplashScreen.scale-240.png
		MVVMCross.Application.Template\MVVMCrossWindowsStorePhoneApplication\Assets\Square71x71Logo.scale-240.png = MVVMCross.Application.Template\MVVMCrossWindowsStorePhoneApplication\Assets\Square71x71Logo.scale-240.png
		MVVMCross.Application.Template\MVVMCrossWindowsStorePhoneApplication\Assets\StoreLogo.scale-240.png = MVVMCross.Application.Template\MVVMCrossWindowsStorePhoneApplication\Assets\StoreLogo.scale-240.png
		MVVMCross.Application.Template\MVVMCrossWindowsStorePhoneApplication\Assets\WideLogo.scale-240.png = MVVMCross.Application.Template\MVVMCrossWindowsStorePhoneApplication\Assets\WideLogo.scale-240.png
	EndProjectSection
EndProject
Project("{2150E333-8FDC-42A3-9474-1A3956D46DE8}") = "Views", "Views", "{04E8B24A-8EEB-4EBA-960C-AD03B24E0264}"
	ProjectSection(SolutionItems) = preProject
		MVVMCross.Application.Template\MVVMCrossWPFApplication\Views\FirstView.xaml = MVVMCross.Application.Template\MVVMCrossWPFApplication\Views\FirstView.xaml
		MVVMCross.Application.Template\MVVMCrossWPFApplication\Views\FirstView.xaml.cs = MVVMCross.Application.Template\MVVMCrossWPFApplication\Views\FirstView.xaml.cs
	EndProjectSection
EndProject
Project("{2150E333-8FDC-42A3-9474-1A3956D46DE8}") = "Properties", "Properties", "{89CD8DAC-2673-476A-B401-C388D043C875}"
	ProjectSection(SolutionItems) = preProject
		MVVMCross.Application.Template\MVVMCrossWPFApplication\Properties\AssemblyInfo.cs = MVVMCross.Application.Template\MVVMCrossWPFApplication\Properties\AssemblyInfo.cs
		MVVMCross.Application.Template\MVVMCrossWPFApplication\Properties\Resources.Designer.cs = MVVMCross.Application.Template\MVVMCrossWPFApplication\Properties\Resources.Designer.cs
		MVVMCross.Application.Template\MVVMCrossWPFApplication\Properties\Resources.resx = MVVMCross.Application.Template\MVVMCrossWPFApplication\Properties\Resources.resx
		MVVMCross.Application.Template\MVVMCrossWPFApplication\Properties\Settings.Designer.cs = MVVMCross.Application.Template\MVVMCrossWPFApplication\Properties\Settings.Designer.cs
		MVVMCross.Application.Template\MVVMCrossWPFApplication\Properties\Settings.settings = MVVMCross.Application.Template\MVVMCrossWPFApplication\Properties\Settings.settings
	EndProjectSection
EndProject
Global
	GlobalSection(SolutionConfigurationPlatforms) = preSolution
		Ad-Hoc|Any CPU = Ad-Hoc|Any CPU
		Ad-Hoc|ARM = Ad-Hoc|ARM
		Ad-Hoc|iPhone = Ad-Hoc|iPhone
		Ad-Hoc|iPhoneSimulator = Ad-Hoc|iPhoneSimulator
		Ad-Hoc|x64 = Ad-Hoc|x64
		Ad-Hoc|x86 = Ad-Hoc|x86
		AppStore|Any CPU = AppStore|Any CPU
		AppStore|ARM = AppStore|ARM
		AppStore|iPhone = AppStore|iPhone
		AppStore|iPhoneSimulator = AppStore|iPhoneSimulator
		AppStore|x64 = AppStore|x64
		AppStore|x86 = AppStore|x86
		Debug|Any CPU = Debug|Any CPU
		Debug|ARM = Debug|ARM
		Debug|iPhone = Debug|iPhone
		Debug|iPhoneSimulator = Debug|iPhoneSimulator
		Debug|x64 = Debug|x64
		Debug|x86 = Debug|x86
		Release|Any CPU = Release|Any CPU
		Release|ARM = Release|ARM
		Release|iPhone = Release|iPhone
		Release|iPhoneSimulator = Release|iPhoneSimulator
		Release|x64 = Release|x64
		Release|x86 = Release|x86
	EndGlobalSection
	GlobalSection(ProjectConfigurationPlatforms) = postSolution
		{B8A04332-89CC-4C18-A6E3-FF7D4BD03F83}.Ad-Hoc|Any CPU.ActiveCfg = Release|Any CPU
		{B8A04332-89CC-4C18-A6E3-FF7D4BD03F83}.Ad-Hoc|Any CPU.Build.0 = Release|Any CPU
		{B8A04332-89CC-4C18-A6E3-FF7D4BD03F83}.Ad-Hoc|ARM.ActiveCfg = Release|Any CPU
		{B8A04332-89CC-4C18-A6E3-FF7D4BD03F83}.Ad-Hoc|ARM.Build.0 = Release|Any CPU
		{B8A04332-89CC-4C18-A6E3-FF7D4BD03F83}.Ad-Hoc|iPhone.ActiveCfg = Release|Any CPU
		{B8A04332-89CC-4C18-A6E3-FF7D4BD03F83}.Ad-Hoc|iPhone.Build.0 = Release|Any CPU
		{B8A04332-89CC-4C18-A6E3-FF7D4BD03F83}.Ad-Hoc|iPhoneSimulator.ActiveCfg = Release|Any CPU
		{B8A04332-89CC-4C18-A6E3-FF7D4BD03F83}.Ad-Hoc|iPhoneSimulator.Build.0 = Release|Any CPU
		{B8A04332-89CC-4C18-A6E3-FF7D4BD03F83}.Ad-Hoc|x64.ActiveCfg = Release|Any CPU
		{B8A04332-89CC-4C18-A6E3-FF7D4BD03F83}.Ad-Hoc|x64.Build.0 = Release|Any CPU
		{B8A04332-89CC-4C18-A6E3-FF7D4BD03F83}.Ad-Hoc|x86.ActiveCfg = Release|Any CPU
		{B8A04332-89CC-4C18-A6E3-FF7D4BD03F83}.Ad-Hoc|x86.Build.0 = Release|Any CPU
		{B8A04332-89CC-4C18-A6E3-FF7D4BD03F83}.AppStore|Any CPU.ActiveCfg = Release|Any CPU
		{B8A04332-89CC-4C18-A6E3-FF7D4BD03F83}.AppStore|Any CPU.Build.0 = Release|Any CPU
		{B8A04332-89CC-4C18-A6E3-FF7D4BD03F83}.AppStore|ARM.ActiveCfg = Release|Any CPU
		{B8A04332-89CC-4C18-A6E3-FF7D4BD03F83}.AppStore|ARM.Build.0 = Release|Any CPU
		{B8A04332-89CC-4C18-A6E3-FF7D4BD03F83}.AppStore|iPhone.ActiveCfg = Release|Any CPU
		{B8A04332-89CC-4C18-A6E3-FF7D4BD03F83}.AppStore|iPhone.Build.0 = Release|Any CPU
		{B8A04332-89CC-4C18-A6E3-FF7D4BD03F83}.AppStore|iPhoneSimulator.ActiveCfg = Release|Any CPU
		{B8A04332-89CC-4C18-A6E3-FF7D4BD03F83}.AppStore|iPhoneSimulator.Build.0 = Release|Any CPU
		{B8A04332-89CC-4C18-A6E3-FF7D4BD03F83}.AppStore|x64.ActiveCfg = Release|Any CPU
		{B8A04332-89CC-4C18-A6E3-FF7D4BD03F83}.AppStore|x64.Build.0 = Release|Any CPU
		{B8A04332-89CC-4C18-A6E3-FF7D4BD03F83}.AppStore|x86.ActiveCfg = Release|Any CPU
		{B8A04332-89CC-4C18-A6E3-FF7D4BD03F83}.AppStore|x86.Build.0 = Release|Any CPU
		{B8A04332-89CC-4C18-A6E3-FF7D4BD03F83}.Debug|Any CPU.ActiveCfg = Debug|Any CPU
		{B8A04332-89CC-4C18-A6E3-FF7D4BD03F83}.Debug|Any CPU.Build.0 = Debug|Any CPU
		{B8A04332-89CC-4C18-A6E3-FF7D4BD03F83}.Debug|ARM.ActiveCfg = Debug|Any CPU
		{B8A04332-89CC-4C18-A6E3-FF7D4BD03F83}.Debug|ARM.Build.0 = Debug|Any CPU
		{B8A04332-89CC-4C18-A6E3-FF7D4BD03F83}.Debug|iPhone.ActiveCfg = Debug|Any CPU
		{B8A04332-89CC-4C18-A6E3-FF7D4BD03F83}.Debug|iPhone.Build.0 = Debug|Any CPU
		{B8A04332-89CC-4C18-A6E3-FF7D4BD03F83}.Debug|iPhoneSimulator.ActiveCfg = Debug|Any CPU
		{B8A04332-89CC-4C18-A6E3-FF7D4BD03F83}.Debug|iPhoneSimulator.Build.0 = Debug|Any CPU
		{B8A04332-89CC-4C18-A6E3-FF7D4BD03F83}.Debug|x64.ActiveCfg = Debug|Any CPU
		{B8A04332-89CC-4C18-A6E3-FF7D4BD03F83}.Debug|x64.Build.0 = Debug|Any CPU
		{B8A04332-89CC-4C18-A6E3-FF7D4BD03F83}.Debug|x86.ActiveCfg = Debug|Any CPU
		{B8A04332-89CC-4C18-A6E3-FF7D4BD03F83}.Debug|x86.Build.0 = Debug|Any CPU
		{B8A04332-89CC-4C18-A6E3-FF7D4BD03F83}.Release|Any CPU.ActiveCfg = Release|Any CPU
		{B8A04332-89CC-4C18-A6E3-FF7D4BD03F83}.Release|Any CPU.Build.0 = Release|Any CPU
		{B8A04332-89CC-4C18-A6E3-FF7D4BD03F83}.Release|ARM.ActiveCfg = Release|Any CPU
		{B8A04332-89CC-4C18-A6E3-FF7D4BD03F83}.Release|ARM.Build.0 = Release|Any CPU
		{B8A04332-89CC-4C18-A6E3-FF7D4BD03F83}.Release|iPhone.ActiveCfg = Release|Any CPU
		{B8A04332-89CC-4C18-A6E3-FF7D4BD03F83}.Release|iPhone.Build.0 = Release|Any CPU
		{B8A04332-89CC-4C18-A6E3-FF7D4BD03F83}.Release|iPhoneSimulator.ActiveCfg = Release|Any CPU
		{B8A04332-89CC-4C18-A6E3-FF7D4BD03F83}.Release|iPhoneSimulator.Build.0 = Release|Any CPU
		{B8A04332-89CC-4C18-A6E3-FF7D4BD03F83}.Release|x64.ActiveCfg = Release|Any CPU
		{B8A04332-89CC-4C18-A6E3-FF7D4BD03F83}.Release|x64.Build.0 = Release|Any CPU
		{B8A04332-89CC-4C18-A6E3-FF7D4BD03F83}.Release|x86.ActiveCfg = Release|Any CPU
		{B8A04332-89CC-4C18-A6E3-FF7D4BD03F83}.Release|x86.Build.0 = Release|Any CPU
	EndGlobalSection
	GlobalSection(SolutionProperties) = preSolution
		HideSolutionNode = FALSE
	EndGlobalSection
	GlobalSection(NestedProjects) = preSolution
		{B8A04332-89CC-4C18-A6E3-FF7D4BD03F83} = {F4380D27-6A08-4A42-B0A8-3A54F5DF4049}
		{9ADD8F9D-7722-47CF-8F60-40E10F2E90B3} = {B419E688-5FE4-4AB3-A298-D539B2D2DE09}
		{0C1CA4C3-29B9-4126-BDDD-DBBCB1C792CD} = {B419E688-5FE4-4AB3-A298-D539B2D2DE09}
		{AB995DEE-E502-430C-8054-878D5915462F} = {B419E688-5FE4-4AB3-A298-D539B2D2DE09}
		{2C5ED996-4BCE-4D95-8E16-B7ABCACD9C3E} = {B419E688-5FE4-4AB3-A298-D539B2D2DE09}
		{9A8DE04E-7108-41DC-ABB3-34A32DEB0347} = {B419E688-5FE4-4AB3-A298-D539B2D2DE09}
		{B2B80D38-C9F7-440A-9534-D141C5BCCB16} = {B419E688-5FE4-4AB3-A298-D539B2D2DE09}
		{7A098724-A268-4D92-84C2-5FC24CA11E5B} = {B419E688-5FE4-4AB3-A298-D539B2D2DE09}
		{6345003B-1385-4BD0-9B46-C779EF5A5039} = {9ADD8F9D-7722-47CF-8F60-40E10F2E90B3}
		{604D5099-372E-429E-AC27-E8FC48BE0E11} = {9ADD8F9D-7722-47CF-8F60-40E10F2E90B3}
		{7CC4C95C-E7AE-4B70-A987-528DF59C5B71} = {9ADD8F9D-7722-47CF-8F60-40E10F2E90B3}
		{FB458213-7D75-416B-9E54-4DDA5B00D727} = {9ADD8F9D-7722-47CF-8F60-40E10F2E90B3}
		{A0D1AEAD-3416-47D7-B581-CB2E574BA76C} = {9ADD8F9D-7722-47CF-8F60-40E10F2E90B3}
		{8FF110CE-7520-4807-A7E5-6615117AFC27} = {FB458213-7D75-416B-9E54-4DDA5B00D727}
		{097E3041-E23B-453A-A74C-D12D86D81E36} = {FB458213-7D75-416B-9E54-4DDA5B00D727}
		{FFFCBF46-ABB7-4FC0-BECD-2884F9B98115} = {FB458213-7D75-416B-9E54-4DDA5B00D727}
		{100D7AD9-BD71-4086-B80F-84B954BECBFD} = {FB458213-7D75-416B-9E54-4DDA5B00D727}
		{27B8FDA9-6E9B-40BE-A806-A5D95F836D5E} = {FB458213-7D75-416B-9E54-4DDA5B00D727}
		{8953DAAD-D8B3-4C27-A4A9-F12755FE5655} = {FB458213-7D75-416B-9E54-4DDA5B00D727}
		{3E954A9E-EC58-4899-8F1E-8CCF4E4916BF} = {FB458213-7D75-416B-9E54-4DDA5B00D727}
		{0879A297-21D5-498B-B9A9-9632FCC78DAE} = {FB458213-7D75-416B-9E54-4DDA5B00D727}
		{068B9296-2BD9-41C3-BCE4-1D887C480F39} = {FB458213-7D75-416B-9E54-4DDA5B00D727}
		{1FAC18DF-3358-4492-A519-48B679B3B890} = {0C1CA4C3-29B9-4126-BDDD-DBBCB1C792CD}
		{E4D0045A-8A2A-472E-A926-543465F6E9E7} = {0C1CA4C3-29B9-4126-BDDD-DBBCB1C792CD}
		{3AD6177E-3B83-496F-9161-A2989C75FE13} = {AB995DEE-E502-430C-8054-878D5915462F}
		{6D726D7C-515E-474B-B22A-7733C3A51DD3} = {AB995DEE-E502-430C-8054-878D5915462F}
		{1ECF9406-F20B-4A2F-A69F-8505EBD0E970} = {AB995DEE-E502-430C-8054-878D5915462F}
		{C4111A94-70B9-46F2-9FA8-C320B7F524B1} = {2C5ED996-4BCE-4D95-8E16-B7ABCACD9C3E}
		{C3C3E4C9-4BB9-4351-872B-80F955593AFD} = {2C5ED996-4BCE-4D95-8E16-B7ABCACD9C3E}
		{F87ED409-DB89-458F-8407-74DEE91620BE} = {2C5ED996-4BCE-4D95-8E16-B7ABCACD9C3E}
		{91D5946E-7F51-4D5F-AA84-32440B9DD1B3} = {9A8DE04E-7108-41DC-ABB3-34A32DEB0347}
		{4159E2D7-C6E8-4764-AA13-A952C9C3D811} = {9A8DE04E-7108-41DC-ABB3-34A32DEB0347}
		{9E71A478-36F2-4D17-A9CA-E895A51ACC55} = {9A8DE04E-7108-41DC-ABB3-34A32DEB0347}
		{361FA6C7-06D8-4FDE-9095-AA1DFD4235A1} = {B2B80D38-C9F7-440A-9534-D141C5BCCB16}
		{BBD05F2C-43FB-48C2-947E-9B97F2E5210F} = {B2B80D38-C9F7-440A-9534-D141C5BCCB16}
		{5E500A73-E776-4D66-84A7-2669B22BD9BD} = {B2B80D38-C9F7-440A-9534-D141C5BCCB16}
		{04E8B24A-8EEB-4EBA-960C-AD03B24E0264} = {7A098724-A268-4D92-84C2-5FC24CA11E5B}
		{89CD8DAC-2673-476A-B401-C388D043C875} = {7A098724-A268-4D92-84C2-5FC24CA11E5B}
	EndGlobalSection
EndGlobal
