
Microsoft Visual Studio Solution File, Format Version 12.00
# Visual Studio 14
VisualStudioVersion = 14.0.25123.0
MinimumVisualStudioVersion = 10.0.40219.1
Project("{FAE04EC0-301F-11D3-BF4B-00C04F79EFBC}") = "MvvmCross-VSAddIn.Droid", "MvvmCross-VSAddIn.Droid\MvvmCross-VSAddIn.Droid.csproj", "{E033292C-1101-44F4-867D-083EF8DB215F}"
EndProject
Project("{FAE04EC0-301F-11D3-BF4B-00C04F79EFBC}") = "MvvmCross-VSAddIn.Core", "MvvmCross-VSAddIn.Core\MvvmCross-VSAddIn.Core.csproj", "{31D7792C-8339-4C32-8C91-123C9B248B83}"
EndProject
Project("{FAE04EC0-301F-11D3-BF4B-00C04F79EFBC}") = "MvvmCross-VSAddIn.UWP", "MvvmCross-VSAddIn.UWP\MvvmCross-VSAddIn.UWP.csproj", "{A8353786-6AC8-4E69-AEC1-DB451D983AD2}"
EndProject
Project("{2150E333-8FDC-42A3-9474-1A3956D46DE8}") = "MvvmCross-VSAddIn.Store", "MvvmCross-VSAddIn.Store", "{E5B3557C-512C-47B3-8D03-CDA77B1D4337}"
EndProject
Project("{D954291E-2A0B-460D-934E-DC6B0785DB48}") = "MvvmCross-VSAddIn.Store.Shared", "MvvmCross-VSAddIn.Store\MvvmCross-VSAddIn.Store.Shared\MvvmCross-VSAddIn.Store.Shared.shproj", "{1687788A-D324-4AA2-A3EF-14870AE25A9F}"
EndProject
Project("{FAE04EC0-301F-11D3-BF4B-00C04F79EFBC}") = "MvvmCross-VSAddIn.Store.Windows", "MvvmCross-VSAddIn.Store\MvvmCross-VSAddIn.Store.Windows\MvvmCross-VSAddIn.Store.Windows.csproj", "{3C255524-84DB-4E49-8F17-3EB9A1F14EAF}"
EndProject
Project("{FAE04EC0-301F-11D3-BF4B-00C04F79EFBC}") = "MvvmCross-VSAddIn.Store.WindowsPhone", "MvvmCross-VSAddIn.Store\MvvmCross-VSAddIn.Store.WindowsPhone\MvvmCross-VSAddIn.Store.WindowsPhone.csproj", "{84307812-D2AA-4AB7-9B0C-F1263F368D59}"
EndProject
Project("{FAE04EC0-301F-11D3-BF4B-00C04F79EFBC}") = "MvvmCross-VSAddIn.iOS", "MvvmCross-VSAddIn.iOS\MvvmCross-VSAddIn.iOS.csproj", "{EB7592B4-6689-4D9D-8DC0-F42726B1271D}"
EndProject
Project("{FAE04EC0-301F-11D3-BF4B-00C04F79EFBC}") = "MvvmCross-VSAddIn.Wpf", "MvvmCross-VSAddIn.Wpf\MvvmCross-VSAddIn.Wpf.csproj", "{9DA7FA80-ECE5-4345-AB02-C92E9DD4A184}"
EndProject
Global
	GlobalSection(SharedMSBuildProjectFiles) = preSolution
		MvvmCross-VSAddIn.Store\MvvmCross-VSAddIn.Store.Shared\MvvmCross-VSAddIn.Store.Shared.projitems*{3c255524-84db-4e49-8f17-3eb9a1f14eaf}*SharedItemsImports = 4
		MvvmCross-VSAddIn.Store\MvvmCross-VSAddIn.Store.Shared\MvvmCross-VSAddIn.Store.Shared.projitems*{84307812-d2aa-4ab7-9b0c-f1263f368d59}*SharedItemsImports = 4
		MvvmCross-VSAddIn.Store\MvvmCross-VSAddIn.Store.Shared\MvvmCross-VSAddIn.Store.Shared.projitems*{1687788a-d324-4aa2-a3ef-14870ae25a9f}*SharedItemsImports = 13
	EndGlobalSection
	GlobalSection(SolutionConfigurationPlatforms) = preSolution
		Ad-Hoc|Any CPU = Ad-Hoc|Any CPU
		Ad-Hoc|ARM = Ad-Hoc|ARM
		Ad-Hoc|iPhone = Ad-Hoc|iPhone
		Ad-Hoc|iPhoneSimulator = Ad-Hoc|iPhoneSimulator
		Ad-Hoc|x64 = Ad-Hoc|x64
		Ad-Hoc|x86 = Ad-Hoc|x86
		AppStore|Any CPU = AppStore|Any CPU
		AppStore|ARM = AppStore|ARM
		AppStore|iPhone = AppStore|iPhone
		AppStore|iPhoneSimulator = AppStore|iPhoneSimulator
		AppStore|x64 = AppStore|x64
		AppStore|x86 = AppStore|x86
		Debug|Any CPU = Debug|Any CPU
		Debug|ARM = Debug|ARM
		Debug|iPhone = Debug|iPhone
		Debug|iPhoneSimulator = Debug|iPhoneSimulator
		Debug|x64 = Debug|x64
		Debug|x86 = Debug|x86
		Release|Any CPU = Release|Any CPU
		Release|ARM = Release|ARM
		Release|iPhone = Release|iPhone
		Release|iPhoneSimulator = Release|iPhoneSimulator
		Release|x64 = Release|x64
		Release|x86 = Release|x86
	EndGlobalSection
	GlobalSection(ProjectConfigurationPlatforms) = postSolution
		{E033292C-1101-44F4-867D-083EF8DB215F}.Ad-Hoc|Any CPU.ActiveCfg = Release|Any CPU
		{E033292C-1101-44F4-867D-083EF8DB215F}.Ad-Hoc|Any CPU.Build.0 = Release|Any CPU
		{E033292C-1101-44F4-867D-083EF8DB215F}.Ad-Hoc|Any CPU.Deploy.0 = Release|Any CPU
		{E033292C-1101-44F4-867D-083EF8DB215F}.Ad-Hoc|ARM.ActiveCfg = Release|Any CPU
		{E033292C-1101-44F4-867D-083EF8DB215F}.Ad-Hoc|ARM.Build.0 = Release|Any CPU
		{E033292C-1101-44F4-867D-083EF8DB215F}.Ad-Hoc|ARM.Deploy.0 = Release|Any CPU
		{E033292C-1101-44F4-867D-083EF8DB215F}.Ad-Hoc|iPhone.ActiveCfg = Release|Any CPU
		{E033292C-1101-44F4-867D-083EF8DB215F}.Ad-Hoc|iPhone.Build.0 = Release|Any CPU
		{E033292C-1101-44F4-867D-083EF8DB215F}.Ad-Hoc|iPhone.Deploy.0 = Release|Any CPU
		{E033292C-1101-44F4-867D-083EF8DB215F}.Ad-Hoc|iPhoneSimulator.ActiveCfg = Release|Any CPU
		{E033292C-1101-44F4-867D-083EF8DB215F}.Ad-Hoc|iPhoneSimulator.Build.0 = Release|Any CPU
		{E033292C-1101-44F4-867D-083EF8DB215F}.Ad-Hoc|iPhoneSimulator.Deploy.0 = Release|Any CPU
		{E033292C-1101-44F4-867D-083EF8DB215F}.Ad-Hoc|x64.ActiveCfg = Release|Any CPU
		{E033292C-1101-44F4-867D-083EF8DB215F}.Ad-Hoc|x64.Build.0 = Release|Any CPU
		{E033292C-1101-44F4-867D-083EF8DB215F}.Ad-Hoc|x64.Deploy.0 = Release|Any CPU
		{E033292C-1101-44F4-867D-083EF8DB215F}.Ad-Hoc|x86.ActiveCfg = Release|Any CPU
		{E033292C-1101-44F4-867D-083EF8DB215F}.Ad-Hoc|x86.Build.0 = Release|Any CPU
		{E033292C-1101-44F4-867D-083EF8DB215F}.Ad-Hoc|x86.Deploy.0 = Release|Any CPU
		{E033292C-1101-44F4-867D-083EF8DB215F}.AppStore|Any CPU.ActiveCfg = Release|Any CPU
		{E033292C-1101-44F4-867D-083EF8DB215F}.AppStore|Any CPU.Build.0 = Release|Any CPU
		{E033292C-1101-44F4-867D-083EF8DB215F}.AppStore|Any CPU.Deploy.0 = Release|Any CPU
		{E033292C-1101-44F4-867D-083EF8DB215F}.AppStore|ARM.ActiveCfg = Release|Any CPU
		{E033292C-1101-44F4-867D-083EF8DB215F}.AppStore|ARM.Build.0 = Release|Any CPU
		{E033292C-1101-44F4-867D-083EF8DB215F}.AppStore|ARM.Deploy.0 = Release|Any CPU
		{E033292C-1101-44F4-867D-083EF8DB215F}.AppStore|iPhone.ActiveCfg = Release|Any CPU
		{E033292C-1101-44F4-867D-083EF8DB215F}.AppStore|iPhone.Build.0 = Release|Any CPU
		{E033292C-1101-44F4-867D-083EF8DB215F}.AppStore|iPhone.Deploy.0 = Release|Any CPU
		{E033292C-1101-44F4-867D-083EF8DB215F}.AppStore|iPhoneSimulator.ActiveCfg = Release|Any CPU
		{E033292C-1101-44F4-867D-083EF8DB215F}.AppStore|iPhoneSimulator.Build.0 = Release|Any CPU
		{E033292C-1101-44F4-867D-083EF8DB215F}.AppStore|iPhoneSimulator.Deploy.0 = Release|Any CPU
		{E033292C-1101-44F4-867D-083EF8DB215F}.AppStore|x64.ActiveCfg = Release|Any CPU
		{E033292C-1101-44F4-867D-083EF8DB215F}.AppStore|x64.Build.0 = Release|Any CPU
		{E033292C-1101-44F4-867D-083EF8DB215F}.AppStore|x64.Deploy.0 = Release|Any CPU
		{E033292C-1101-44F4-867D-083EF8DB215F}.AppStore|x86.ActiveCfg = Release|Any CPU
		{E033292C-1101-44F4-867D-083EF8DB215F}.AppStore|x86.Build.0 = Release|Any CPU
		{E033292C-1101-44F4-867D-083EF8DB215F}.AppStore|x86.Deploy.0 = Release|Any CPU
		{E033292C-1101-44F4-867D-083EF8DB215F}.Debug|Any CPU.ActiveCfg = Debug|Any CPU
		{E033292C-1101-44F4-867D-083EF8DB215F}.Debug|Any CPU.Build.0 = Debug|Any CPU
		{E033292C-1101-44F4-867D-083EF8DB215F}.Debug|Any CPU.Deploy.0 = Debug|Any CPU
		{E033292C-1101-44F4-867D-083EF8DB215F}.Debug|ARM.ActiveCfg = Debug|Any CPU
		{E033292C-1101-44F4-867D-083EF8DB215F}.Debug|ARM.Build.0 = Debug|Any CPU
		{E033292C-1101-44F4-867D-083EF8DB215F}.Debug|ARM.Deploy.0 = Debug|Any CPU
		{E033292C-1101-44F4-867D-083EF8DB215F}.Debug|iPhone.ActiveCfg = Debug|Any CPU
		{E033292C-1101-44F4-867D-083EF8DB215F}.Debug|iPhone.Build.0 = Debug|Any CPU
		{E033292C-1101-44F4-867D-083EF8DB215F}.Debug|iPhone.Deploy.0 = Debug|Any CPU
		{E033292C-1101-44F4-867D-083EF8DB215F}.Debug|iPhoneSimulator.ActiveCfg = Debug|Any CPU
		{E033292C-1101-44F4-867D-083EF8DB215F}.Debug|iPhoneSimulator.Build.0 = Debug|Any CPU
		{E033292C-1101-44F4-867D-083EF8DB215F}.Debug|iPhoneSimulator.Deploy.0 = Debug|Any CPU
		{E033292C-1101-44F4-867D-083EF8DB215F}.Debug|x64.ActiveCfg = Debug|Any CPU
		{E033292C-1101-44F4-867D-083EF8DB215F}.Debug|x64.Build.0 = Debug|Any CPU
		{E033292C-1101-44F4-867D-083EF8DB215F}.Debug|x64.Deploy.0 = Debug|Any CPU
		{E033292C-1101-44F4-867D-083EF8DB215F}.Debug|x86.ActiveCfg = Debug|Any CPU
		{E033292C-1101-44F4-867D-083EF8DB215F}.Debug|x86.Build.0 = Debug|Any CPU
		{E033292C-1101-44F4-867D-083EF8DB215F}.Debug|x86.Deploy.0 = Debug|Any CPU
		{E033292C-1101-44F4-867D-083EF8DB215F}.Release|Any CPU.ActiveCfg = Release|Any CPU
		{E033292C-1101-44F4-867D-083EF8DB215F}.Release|Any CPU.Build.0 = Release|Any CPU
		{E033292C-1101-44F4-867D-083EF8DB215F}.Release|Any CPU.Deploy.0 = Release|Any CPU
		{E033292C-1101-44F4-867D-083EF8DB215F}.Release|ARM.ActiveCfg = Release|Any CPU
		{E033292C-1101-44F4-867D-083EF8DB215F}.Release|ARM.Build.0 = Release|Any CPU
		{E033292C-1101-44F4-867D-083EF8DB215F}.Release|ARM.Deploy.0 = Release|Any CPU
		{E033292C-1101-44F4-867D-083EF8DB215F}.Release|iPhone.ActiveCfg = Release|Any CPU
		{E033292C-1101-44F4-867D-083EF8DB215F}.Release|iPhone.Build.0 = Release|Any CPU
		{E033292C-1101-44F4-867D-083EF8DB215F}.Release|iPhone.Deploy.0 = Release|Any CPU
		{E033292C-1101-44F4-867D-083EF8DB215F}.Release|iPhoneSimulator.ActiveCfg = Release|Any CPU
		{E033292C-1101-44F4-867D-083EF8DB215F}.Release|iPhoneSimulator.Build.0 = Release|Any CPU
		{E033292C-1101-44F4-867D-083EF8DB215F}.Release|iPhoneSimulator.Deploy.0 = Release|Any CPU
		{E033292C-1101-44F4-867D-083EF8DB215F}.Release|x64.ActiveCfg = Release|Any CPU
		{E033292C-1101-44F4-867D-083EF8DB215F}.Release|x64.Build.0 = Release|Any CPU
		{E033292C-1101-44F4-867D-083EF8DB215F}.Release|x64.Deploy.0 = Release|Any CPU
		{E033292C-1101-44F4-867D-083EF8DB215F}.Release|x86.ActiveCfg = Release|Any CPU
		{E033292C-1101-44F4-867D-083EF8DB215F}.Release|x86.Build.0 = Release|Any CPU
		{E033292C-1101-44F4-867D-083EF8DB215F}.Release|x86.Deploy.0 = Release|Any CPU
		{31D7792C-8339-4C32-8C91-123C9B248B83}.Ad-Hoc|Any CPU.ActiveCfg = Release|Any CPU
		{31D7792C-8339-4C32-8C91-123C9B248B83}.Ad-Hoc|Any CPU.Build.0 = Release|Any CPU
		{31D7792C-8339-4C32-8C91-123C9B248B83}.Ad-Hoc|ARM.ActiveCfg = Release|Any CPU
		{31D7792C-8339-4C32-8C91-123C9B248B83}.Ad-Hoc|ARM.Build.0 = Release|Any CPU
		{31D7792C-8339-4C32-8C91-123C9B248B83}.Ad-Hoc|iPhone.ActiveCfg = Release|Any CPU
		{31D7792C-8339-4C32-8C91-123C9B248B83}.Ad-Hoc|iPhone.Build.0 = Release|Any CPU
		{31D7792C-8339-4C32-8C91-123C9B248B83}.Ad-Hoc|iPhoneSimulator.ActiveCfg = Release|Any CPU
		{31D7792C-8339-4C32-8C91-123C9B248B83}.Ad-Hoc|iPhoneSimulator.Build.0 = Release|Any CPU
		{31D7792C-8339-4C32-8C91-123C9B248B83}.Ad-Hoc|x64.ActiveCfg = Release|Any CPU
		{31D7792C-8339-4C32-8C91-123C9B248B83}.Ad-Hoc|x64.Build.0 = Release|Any CPU
		{31D7792C-8339-4C32-8C91-123C9B248B83}.Ad-Hoc|x86.ActiveCfg = Release|Any CPU
		{31D7792C-8339-4C32-8C91-123C9B248B83}.Ad-Hoc|x86.Build.0 = Release|Any CPU
		{31D7792C-8339-4C32-8C91-123C9B248B83}.AppStore|Any CPU.ActiveCfg = Release|Any CPU
		{31D7792C-8339-4C32-8C91-123C9B248B83}.AppStore|Any CPU.Build.0 = Release|Any CPU
		{31D7792C-8339-4C32-8C91-123C9B248B83}.AppStore|ARM.ActiveCfg = Release|Any CPU
		{31D7792C-8339-4C32-8C91-123C9B248B83}.AppStore|ARM.Build.0 = Release|Any CPU
		{31D7792C-8339-4C32-8C91-123C9B248B83}.AppStore|iPhone.ActiveCfg = Release|Any CPU
		{31D7792C-8339-4C32-8C91-123C9B248B83}.AppStore|iPhone.Build.0 = Release|Any CPU
		{31D7792C-8339-4C32-8C91-123C9B248B83}.AppStore|iPhoneSimulator.ActiveCfg = Release|Any CPU
		{31D7792C-8339-4C32-8C91-123C9B248B83}.AppStore|iPhoneSimulator.Build.0 = Release|Any CPU
		{31D7792C-8339-4C32-8C91-123C9B248B83}.AppStore|x64.ActiveCfg = Release|Any CPU
		{31D7792C-8339-4C32-8C91-123C9B248B83}.AppStore|x64.Build.0 = Release|Any CPU
		{31D7792C-8339-4C32-8C91-123C9B248B83}.AppStore|x86.ActiveCfg = Release|Any CPU
		{31D7792C-8339-4C32-8C91-123C9B248B83}.AppStore|x86.Build.0 = Release|Any CPU
		{31D7792C-8339-4C32-8C91-123C9B248B83}.Debug|Any CPU.ActiveCfg = Debug|Any CPU
		{31D7792C-8339-4C32-8C91-123C9B248B83}.Debug|Any CPU.Build.0 = Debug|Any CPU
		{31D7792C-8339-4C32-8C91-123C9B248B83}.Debug|ARM.ActiveCfg = Debug|Any CPU
		{31D7792C-8339-4C32-8C91-123C9B248B83}.Debug|ARM.Build.0 = Debug|Any CPU
		{31D7792C-8339-4C32-8C91-123C9B248B83}.Debug|iPhone.ActiveCfg = Debug|Any CPU
		{31D7792C-8339-4C32-8C91-123C9B248B83}.Debug|iPhone.Build.0 = Debug|Any CPU
		{31D7792C-8339-4C32-8C91-123C9B248B83}.Debug|iPhoneSimulator.ActiveCfg = Debug|Any CPU
		{31D7792C-8339-4C32-8C91-123C9B248B83}.Debug|iPhoneSimulator.Build.0 = Debug|Any CPU
		{31D7792C-8339-4C32-8C91-123C9B248B83}.Debug|x64.ActiveCfg = Debug|Any CPU
		{31D7792C-8339-4C32-8C91-123C9B248B83}.Debug|x64.Build.0 = Debug|Any CPU
		{31D7792C-8339-4C32-8C91-123C9B248B83}.Debug|x86.ActiveCfg = Debug|Any CPU
		{31D7792C-8339-4C32-8C91-123C9B248B83}.Debug|x86.Build.0 = Debug|Any CPU
		{31D7792C-8339-4C32-8C91-123C9B248B83}.Release|Any CPU.ActiveCfg = Release|Any CPU
		{31D7792C-8339-4C32-8C91-123C9B248B83}.Release|Any CPU.Build.0 = Release|Any CPU
		{31D7792C-8339-4C32-8C91-123C9B248B83}.Release|ARM.ActiveCfg = Release|Any CPU
		{31D7792C-8339-4C32-8C91-123C9B248B83}.Release|ARM.Build.0 = Release|Any CPU
		{31D7792C-8339-4C32-8C91-123C9B248B83}.Release|iPhone.ActiveCfg = Release|Any CPU
		{31D7792C-8339-4C32-8C91-123C9B248B83}.Release|iPhone.Build.0 = Release|Any CPU
		{31D7792C-8339-4C32-8C91-123C9B248B83}.Release|iPhoneSimulator.ActiveCfg = Release|Any CPU
		{31D7792C-8339-4C32-8C91-123C9B248B83}.Release|iPhoneSimulator.Build.0 = Release|Any CPU
		{31D7792C-8339-4C32-8C91-123C9B248B83}.Release|x64.ActiveCfg = Release|Any CPU
		{31D7792C-8339-4C32-8C91-123C9B248B83}.Release|x64.Build.0 = Release|Any CPU
		{31D7792C-8339-4C32-8C91-123C9B248B83}.Release|x86.ActiveCfg = Release|Any CPU
		{31D7792C-8339-4C32-8C91-123C9B248B83}.Release|x86.Build.0 = Release|Any CPU
		{A8353786-6AC8-4E69-AEC1-DB451D983AD2}.Ad-Hoc|Any CPU.ActiveCfg = Release|x64
		{A8353786-6AC8-4E69-AEC1-DB451D983AD2}.Ad-Hoc|Any CPU.Build.0 = Release|x64
		{A8353786-6AC8-4E69-AEC1-DB451D983AD2}.Ad-Hoc|Any CPU.Deploy.0 = Release|x64
		{A8353786-6AC8-4E69-AEC1-DB451D983AD2}.Ad-Hoc|ARM.ActiveCfg = Release|ARM
		{A8353786-6AC8-4E69-AEC1-DB451D983AD2}.Ad-Hoc|ARM.Build.0 = Release|ARM
		{A8353786-6AC8-4E69-AEC1-DB451D983AD2}.Ad-Hoc|ARM.Deploy.0 = Release|ARM
		{A8353786-6AC8-4E69-AEC1-DB451D983AD2}.Ad-Hoc|iPhone.ActiveCfg = Release|x64
		{A8353786-6AC8-4E69-AEC1-DB451D983AD2}.Ad-Hoc|iPhone.Build.0 = Release|x64
		{A8353786-6AC8-4E69-AEC1-DB451D983AD2}.Ad-Hoc|iPhone.Deploy.0 = Release|x64
		{A8353786-6AC8-4E69-AEC1-DB451D983AD2}.Ad-Hoc|iPhoneSimulator.ActiveCfg = Release|x64
		{A8353786-6AC8-4E69-AEC1-DB451D983AD2}.Ad-Hoc|iPhoneSimulator.Build.0 = Release|x64
		{A8353786-6AC8-4E69-AEC1-DB451D983AD2}.Ad-Hoc|iPhoneSimulator.Deploy.0 = Release|x64
		{A8353786-6AC8-4E69-AEC1-DB451D983AD2}.Ad-Hoc|x64.ActiveCfg = Release|x64
		{A8353786-6AC8-4E69-AEC1-DB451D983AD2}.Ad-Hoc|x64.Build.0 = Release|x64
		{A8353786-6AC8-4E69-AEC1-DB451D983AD2}.Ad-Hoc|x64.Deploy.0 = Release|x64
		{A8353786-6AC8-4E69-AEC1-DB451D983AD2}.Ad-Hoc|x86.ActiveCfg = Release|x86
		{A8353786-6AC8-4E69-AEC1-DB451D983AD2}.Ad-Hoc|x86.Build.0 = Release|x86
		{A8353786-6AC8-4E69-AEC1-DB451D983AD2}.Ad-Hoc|x86.Deploy.0 = Release|x86
		{A8353786-6AC8-4E69-AEC1-DB451D983AD2}.AppStore|Any CPU.ActiveCfg = Release|x64
		{A8353786-6AC8-4E69-AEC1-DB451D983AD2}.AppStore|Any CPU.Build.0 = Release|x64
		{A8353786-6AC8-4E69-AEC1-DB451D983AD2}.AppStore|Any CPU.Deploy.0 = Release|x64
		{A8353786-6AC8-4E69-AEC1-DB451D983AD2}.AppStore|ARM.ActiveCfg = Release|ARM
		{A8353786-6AC8-4E69-AEC1-DB451D983AD2}.AppStore|ARM.Build.0 = Release|ARM
		{A8353786-6AC8-4E69-AEC1-DB451D983AD2}.AppStore|ARM.Deploy.0 = Release|ARM
		{A8353786-6AC8-4E69-AEC1-DB451D983AD2}.AppStore|iPhone.ActiveCfg = Release|x64
		{A8353786-6AC8-4E69-AEC1-DB451D983AD2}.AppStore|iPhone.Build.0 = Release|x64
		{A8353786-6AC8-4E69-AEC1-DB451D983AD2}.AppStore|iPhone.Deploy.0 = Release|x64
		{A8353786-6AC8-4E69-AEC1-DB451D983AD2}.AppStore|iPhoneSimulator.ActiveCfg = Release|x64
		{A8353786-6AC8-4E69-AEC1-DB451D983AD2}.AppStore|iPhoneSimulator.Build.0 = Release|x64
		{A8353786-6AC8-4E69-AEC1-DB451D983AD2}.AppStore|iPhoneSimulator.Deploy.0 = Release|x64
		{A8353786-6AC8-4E69-AEC1-DB451D983AD2}.AppStore|x64.ActiveCfg = Release|x64
		{A8353786-6AC8-4E69-AEC1-DB451D983AD2}.AppStore|x64.Build.0 = Release|x64
		{A8353786-6AC8-4E69-AEC1-DB451D983AD2}.AppStore|x64.Deploy.0 = Release|x64
		{A8353786-6AC8-4E69-AEC1-DB451D983AD2}.AppStore|x86.ActiveCfg = Release|x86
		{A8353786-6AC8-4E69-AEC1-DB451D983AD2}.AppStore|x86.Build.0 = Release|x86
		{A8353786-6AC8-4E69-AEC1-DB451D983AD2}.AppStore|x86.Deploy.0 = Release|x86
		{A8353786-6AC8-4E69-AEC1-DB451D983AD2}.Debug|Any CPU.ActiveCfg = Debug|x86
		{A8353786-6AC8-4E69-AEC1-DB451D983AD2}.Debug|ARM.ActiveCfg = Debug|ARM
		{A8353786-6AC8-4E69-AEC1-DB451D983AD2}.Debug|ARM.Build.0 = Debug|ARM
		{A8353786-6AC8-4E69-AEC1-DB451D983AD2}.Debug|ARM.Deploy.0 = Debug|ARM
		{A8353786-6AC8-4E69-AEC1-DB451D983AD2}.Debug|iPhone.ActiveCfg = Debug|x86
		{A8353786-6AC8-4E69-AEC1-DB451D983AD2}.Debug|iPhoneSimulator.ActiveCfg = Debug|x86
		{A8353786-6AC8-4E69-AEC1-DB451D983AD2}.Debug|x64.ActiveCfg = Debug|x64
		{A8353786-6AC8-4E69-AEC1-DB451D983AD2}.Debug|x64.Build.0 = Debug|x64
		{A8353786-6AC8-4E69-AEC1-DB451D983AD2}.Debug|x64.Deploy.0 = Debug|x64
		{A8353786-6AC8-4E69-AEC1-DB451D983AD2}.Debug|x86.ActiveCfg = Debug|x86
		{A8353786-6AC8-4E69-AEC1-DB451D983AD2}.Debug|x86.Build.0 = Debug|x86
		{A8353786-6AC8-4E69-AEC1-DB451D983AD2}.Debug|x86.Deploy.0 = Debug|x86
		{A8353786-6AC8-4E69-AEC1-DB451D983AD2}.Release|Any CPU.ActiveCfg = Release|x86
		{A8353786-6AC8-4E69-AEC1-DB451D983AD2}.Release|ARM.ActiveCfg = Release|ARM
		{A8353786-6AC8-4E69-AEC1-DB451D983AD2}.Release|ARM.Build.0 = Release|ARM
		{A8353786-6AC8-4E69-AEC1-DB451D983AD2}.Release|ARM.Deploy.0 = Release|ARM
		{A8353786-6AC8-4E69-AEC1-DB451D983AD2}.Release|iPhone.ActiveCfg = Release|x86
		{A8353786-6AC8-4E69-AEC1-DB451D983AD2}.Release|iPhoneSimulator.ActiveCfg = Release|x86
		{A8353786-6AC8-4E69-AEC1-DB451D983AD2}.Release|x64.ActiveCfg = Release|x64
		{A8353786-6AC8-4E69-AEC1-DB451D983AD2}.Release|x64.Build.0 = Release|x64
		{A8353786-6AC8-4E69-AEC1-DB451D983AD2}.Release|x64.Deploy.0 = Release|x64
		{A8353786-6AC8-4E69-AEC1-DB451D983AD2}.Release|x86.ActiveCfg = Release|x86
		{A8353786-6AC8-4E69-AEC1-DB451D983AD2}.Release|x86.Build.0 = Release|x86
		{A8353786-6AC8-4E69-AEC1-DB451D983AD2}.Release|x86.Deploy.0 = Release|x86
		{3C255524-84DB-4E49-8F17-3EB9A1F14EAF}.Ad-Hoc|Any CPU.ActiveCfg = Release|Any CPU
		{3C255524-84DB-4E49-8F17-3EB9A1F14EAF}.Ad-Hoc|Any CPU.Build.0 = Release|Any CPU
		{3C255524-84DB-4E49-8F17-3EB9A1F14EAF}.Ad-Hoc|Any CPU.Deploy.0 = Release|Any CPU
		{3C255524-84DB-4E49-8F17-3EB9A1F14EAF}.Ad-Hoc|ARM.ActiveCfg = Release|ARM
		{3C255524-84DB-4E49-8F17-3EB9A1F14EAF}.Ad-Hoc|ARM.Build.0 = Release|ARM
		{3C255524-84DB-4E49-8F17-3EB9A1F14EAF}.Ad-Hoc|ARM.Deploy.0 = Release|ARM
		{3C255524-84DB-4E49-8F17-3EB9A1F14EAF}.Ad-Hoc|iPhone.ActiveCfg = Release|Any CPU
		{3C255524-84DB-4E49-8F17-3EB9A1F14EAF}.Ad-Hoc|iPhone.Build.0 = Release|Any CPU
		{3C255524-84DB-4E49-8F17-3EB9A1F14EAF}.Ad-Hoc|iPhone.Deploy.0 = Release|Any CPU
		{3C255524-84DB-4E49-8F17-3EB9A1F14EAF}.Ad-Hoc|iPhoneSimulator.ActiveCfg = Release|Any CPU
		{3C255524-84DB-4E49-8F17-3EB9A1F14EAF}.Ad-Hoc|iPhoneSimulator.Build.0 = Release|Any CPU
		{3C255524-84DB-4E49-8F17-3EB9A1F14EAF}.Ad-Hoc|iPhoneSimulator.Deploy.0 = Release|Any CPU
		{3C255524-84DB-4E49-8F17-3EB9A1F14EAF}.Ad-Hoc|x64.ActiveCfg = Release|x64
		{3C255524-84DB-4E49-8F17-3EB9A1F14EAF}.Ad-Hoc|x64.Build.0 = Release|x64
		{3C255524-84DB-4E49-8F17-3EB9A1F14EAF}.Ad-Hoc|x64.Deploy.0 = Release|x64
		{3C255524-84DB-4E49-8F17-3EB9A1F14EAF}.Ad-Hoc|x86.ActiveCfg = Release|x86
		{3C255524-84DB-4E49-8F17-3EB9A1F14EAF}.Ad-Hoc|x86.Build.0 = Release|x86
		{3C255524-84DB-4E49-8F17-3EB9A1F14EAF}.Ad-Hoc|x86.Deploy.0 = Release|x86
		{3C255524-84DB-4E49-8F17-3EB9A1F14EAF}.AppStore|Any CPU.ActiveCfg = Release|Any CPU
		{3C255524-84DB-4E49-8F17-3EB9A1F14EAF}.AppStore|Any CPU.Build.0 = Release|Any CPU
		{3C255524-84DB-4E49-8F17-3EB9A1F14EAF}.AppStore|Any CPU.Deploy.0 = Release|Any CPU
		{3C255524-84DB-4E49-8F17-3EB9A1F14EAF}.AppStore|ARM.ActiveCfg = Release|ARM
		{3C255524-84DB-4E49-8F17-3EB9A1F14EAF}.AppStore|ARM.Build.0 = Release|ARM
		{3C255524-84DB-4E49-8F17-3EB9A1F14EAF}.AppStore|ARM.Deploy.0 = Release|ARM
		{3C255524-84DB-4E49-8F17-3EB9A1F14EAF}.AppStore|iPhone.ActiveCfg = Release|Any CPU
		{3C255524-84DB-4E49-8F17-3EB9A1F14EAF}.AppStore|iPhone.Build.0 = Release|Any CPU
		{3C255524-84DB-4E49-8F17-3EB9A1F14EAF}.AppStore|iPhone.Deploy.0 = Release|Any CPU
		{3C255524-84DB-4E49-8F17-3EB9A1F14EAF}.AppStore|iPhoneSimulator.ActiveCfg = Release|Any CPU
		{3C255524-84DB-4E49-8F17-3EB9A1F14EAF}.AppStore|iPhoneSimulator.Build.0 = Release|Any CPU
		{3C255524-84DB-4E49-8F17-3EB9A1F14EAF}.AppStore|iPhoneSimulator.Deploy.0 = Release|Any CPU
		{3C255524-84DB-4E49-8F17-3EB9A1F14EAF}.AppStore|x64.ActiveCfg = Release|x64
		{3C255524-84DB-4E49-8F17-3EB9A1F14EAF}.AppStore|x64.Build.0 = Release|x64
		{3C255524-84DB-4E49-8F17-3EB9A1F14EAF}.AppStore|x64.Deploy.0 = Release|x64
		{3C255524-84DB-4E49-8F17-3EB9A1F14EAF}.AppStore|x86.ActiveCfg = Release|x86
		{3C255524-84DB-4E49-8F17-3EB9A1F14EAF}.AppStore|x86.Build.0 = Release|x86
		{3C255524-84DB-4E49-8F17-3EB9A1F14EAF}.AppStore|x86.Deploy.0 = Release|x86
		{3C255524-84DB-4E49-8F17-3EB9A1F14EAF}.Debug|Any CPU.ActiveCfg = Debug|Any CPU
		{3C255524-84DB-4E49-8F17-3EB9A1F14EAF}.Debug|Any CPU.Build.0 = Debug|Any CPU
		{3C255524-84DB-4E49-8F17-3EB9A1F14EAF}.Debug|Any CPU.Deploy.0 = Debug|Any CPU
		{3C255524-84DB-4E49-8F17-3EB9A1F14EAF}.Debug|ARM.ActiveCfg = Debug|ARM
		{3C255524-84DB-4E49-8F17-3EB9A1F14EAF}.Debug|ARM.Build.0 = Debug|ARM
		{3C255524-84DB-4E49-8F17-3EB9A1F14EAF}.Debug|ARM.Deploy.0 = Debug|ARM
		{3C255524-84DB-4E49-8F17-3EB9A1F14EAF}.Debug|iPhone.ActiveCfg = Debug|Any CPU
		{3C255524-84DB-4E49-8F17-3EB9A1F14EAF}.Debug|iPhone.Build.0 = Debug|Any CPU
		{3C255524-84DB-4E49-8F17-3EB9A1F14EAF}.Debug|iPhone.Deploy.0 = Debug|Any CPU
		{3C255524-84DB-4E49-8F17-3EB9A1F14EAF}.Debug|iPhoneSimulator.ActiveCfg = Debug|Any CPU
		{3C255524-84DB-4E49-8F17-3EB9A1F14EAF}.Debug|iPhoneSimulator.Build.0 = Debug|Any CPU
		{3C255524-84DB-4E49-8F17-3EB9A1F14EAF}.Debug|iPhoneSimulator.Deploy.0 = Debug|Any CPU
		{3C255524-84DB-4E49-8F17-3EB9A1F14EAF}.Debug|x64.ActiveCfg = Debug|x64
		{3C255524-84DB-4E49-8F17-3EB9A1F14EAF}.Debug|x64.Build.0 = Debug|x64
		{3C255524-84DB-4E49-8F17-3EB9A1F14EAF}.Debug|x64.Deploy.0 = Debug|x64
		{3C255524-84DB-4E49-8F17-3EB9A1F14EAF}.Debug|x86.ActiveCfg = Debug|x86
		{3C255524-84DB-4E49-8F17-3EB9A1F14EAF}.Debug|x86.Build.0 = Debug|x86
		{3C255524-84DB-4E49-8F17-3EB9A1F14EAF}.Debug|x86.Deploy.0 = Debug|x86
		{3C255524-84DB-4E49-8F17-3EB9A1F14EAF}.Release|Any CPU.ActiveCfg = Release|Any CPU
		{3C255524-84DB-4E49-8F17-3EB9A1F14EAF}.Release|Any CPU.Build.0 = Release|Any CPU
		{3C255524-84DB-4E49-8F17-3EB9A1F14EAF}.Release|Any CPU.Deploy.0 = Release|Any CPU
		{3C255524-84DB-4E49-8F17-3EB9A1F14EAF}.Release|ARM.ActiveCfg = Release|ARM
		{3C255524-84DB-4E49-8F17-3EB9A1F14EAF}.Release|ARM.Build.0 = Release|ARM
		{3C255524-84DB-4E49-8F17-3EB9A1F14EAF}.Release|ARM.Deploy.0 = Release|ARM
		{3C255524-84DB-4E49-8F17-3EB9A1F14EAF}.Release|iPhone.ActiveCfg = Release|Any CPU
		{3C255524-84DB-4E49-8F17-3EB9A1F14EAF}.Release|iPhone.Build.0 = Release|Any CPU
		{3C255524-84DB-4E49-8F17-3EB9A1F14EAF}.Release|iPhone.Deploy.0 = Release|Any CPU
		{3C255524-84DB-4E49-8F17-3EB9A1F14EAF}.Release|iPhoneSimulator.ActiveCfg = Release|Any CPU
		{3C255524-84DB-4E49-8F17-3EB9A1F14EAF}.Release|iPhoneSimulator.Build.0 = Release|Any CPU
		{3C255524-84DB-4E49-8F17-3EB9A1F14EAF}.Release|iPhoneSimulator.Deploy.0 = Release|Any CPU
		{3C255524-84DB-4E49-8F17-3EB9A1F14EAF}.Release|x64.ActiveCfg = Release|x64
		{3C255524-84DB-4E49-8F17-3EB9A1F14EAF}.Release|x64.Build.0 = Release|x64
		{3C255524-84DB-4E49-8F17-3EB9A1F14EAF}.Release|x64.Deploy.0 = Release|x64
		{3C255524-84DB-4E49-8F17-3EB9A1F14EAF}.Release|x86.ActiveCfg = Release|x86
		{3C255524-84DB-4E49-8F17-3EB9A1F14EAF}.Release|x86.Build.0 = Release|x86
		{3C255524-84DB-4E49-8F17-3EB9A1F14EAF}.Release|x86.Deploy.0 = Release|x86
		{84307812-D2AA-4AB7-9B0C-F1263F368D59}.Ad-Hoc|Any CPU.ActiveCfg = Release|Any CPU
		{84307812-D2AA-4AB7-9B0C-F1263F368D59}.Ad-Hoc|Any CPU.Build.0 = Release|Any CPU
		{84307812-D2AA-4AB7-9B0C-F1263F368D59}.Ad-Hoc|Any CPU.Deploy.0 = Release|Any CPU
		{84307812-D2AA-4AB7-9B0C-F1263F368D59}.Ad-Hoc|ARM.ActiveCfg = Release|ARM
		{84307812-D2AA-4AB7-9B0C-F1263F368D59}.Ad-Hoc|ARM.Build.0 = Release|ARM
		{84307812-D2AA-4AB7-9B0C-F1263F368D59}.Ad-Hoc|ARM.Deploy.0 = Release|ARM
		{84307812-D2AA-4AB7-9B0C-F1263F368D59}.Ad-Hoc|iPhone.ActiveCfg = Release|Any CPU
		{84307812-D2AA-4AB7-9B0C-F1263F368D59}.Ad-Hoc|iPhone.Build.0 = Release|Any CPU
		{84307812-D2AA-4AB7-9B0C-F1263F368D59}.Ad-Hoc|iPhone.Deploy.0 = Release|Any CPU
		{84307812-D2AA-4AB7-9B0C-F1263F368D59}.Ad-Hoc|iPhoneSimulator.ActiveCfg = Release|Any CPU
		{84307812-D2AA-4AB7-9B0C-F1263F368D59}.Ad-Hoc|iPhoneSimulator.Build.0 = Release|Any CPU
		{84307812-D2AA-4AB7-9B0C-F1263F368D59}.Ad-Hoc|iPhoneSimulator.Deploy.0 = Release|Any CPU
		{84307812-D2AA-4AB7-9B0C-F1263F368D59}.Ad-Hoc|x64.ActiveCfg = Release|Any CPU
		{84307812-D2AA-4AB7-9B0C-F1263F368D59}.Ad-Hoc|x64.Build.0 = Release|Any CPU
		{84307812-D2AA-4AB7-9B0C-F1263F368D59}.Ad-Hoc|x64.Deploy.0 = Release|Any CPU
		{84307812-D2AA-4AB7-9B0C-F1263F368D59}.Ad-Hoc|x86.ActiveCfg = Release|x86
		{84307812-D2AA-4AB7-9B0C-F1263F368D59}.Ad-Hoc|x86.Build.0 = Release|x86
		{84307812-D2AA-4AB7-9B0C-F1263F368D59}.Ad-Hoc|x86.Deploy.0 = Release|x86
		{84307812-D2AA-4AB7-9B0C-F1263F368D59}.AppStore|Any CPU.ActiveCfg = Release|Any CPU
		{84307812-D2AA-4AB7-9B0C-F1263F368D59}.AppStore|Any CPU.Build.0 = Release|Any CPU
		{84307812-D2AA-4AB7-9B0C-F1263F368D59}.AppStore|Any CPU.Deploy.0 = Release|Any CPU
		{84307812-D2AA-4AB7-9B0C-F1263F368D59}.AppStore|ARM.ActiveCfg = Release|ARM
		{84307812-D2AA-4AB7-9B0C-F1263F368D59}.AppStore|ARM.Build.0 = Release|ARM
		{84307812-D2AA-4AB7-9B0C-F1263F368D59}.AppStore|ARM.Deploy.0 = Release|ARM
		{84307812-D2AA-4AB7-9B0C-F1263F368D59}.AppStore|iPhone.ActiveCfg = Release|Any CPU
		{84307812-D2AA-4AB7-9B0C-F1263F368D59}.AppStore|iPhone.Build.0 = Release|Any CPU
		{84307812-D2AA-4AB7-9B0C-F1263F368D59}.AppStore|iPhone.Deploy.0 = Release|Any CPU
		{84307812-D2AA-4AB7-9B0C-F1263F368D59}.AppStore|iPhoneSimulator.ActiveCfg = Release|Any CPU
		{84307812-D2AA-4AB7-9B0C-F1263F368D59}.AppStore|iPhoneSimulator.Build.0 = Release|Any CPU
		{84307812-D2AA-4AB7-9B0C-F1263F368D59}.AppStore|iPhoneSimulator.Deploy.0 = Release|Any CPU
		{84307812-D2AA-4AB7-9B0C-F1263F368D59}.AppStore|x64.ActiveCfg = Release|Any CPU
		{84307812-D2AA-4AB7-9B0C-F1263F368D59}.AppStore|x64.Build.0 = Release|Any CPU
		{84307812-D2AA-4AB7-9B0C-F1263F368D59}.AppStore|x64.Deploy.0 = Release|Any CPU
		{84307812-D2AA-4AB7-9B0C-F1263F368D59}.AppStore|x86.ActiveCfg = Release|x86
		{84307812-D2AA-4AB7-9B0C-F1263F368D59}.AppStore|x86.Build.0 = Release|x86
		{84307812-D2AA-4AB7-9B0C-F1263F368D59}.AppStore|x86.Deploy.0 = Release|x86
		{84307812-D2AA-4AB7-9B0C-F1263F368D59}.Debug|Any CPU.ActiveCfg = Debug|Any CPU
		{84307812-D2AA-4AB7-9B0C-F1263F368D59}.Debug|Any CPU.Build.0 = Debug|Any CPU
		{84307812-D2AA-4AB7-9B0C-F1263F368D59}.Debug|Any CPU.Deploy.0 = Debug|Any CPU
		{84307812-D2AA-4AB7-9B0C-F1263F368D59}.Debug|ARM.ActiveCfg = Debug|ARM
		{84307812-D2AA-4AB7-9B0C-F1263F368D59}.Debug|ARM.Build.0 = Debug|ARM
		{84307812-D2AA-4AB7-9B0C-F1263F368D59}.Debug|ARM.Deploy.0 = Debug|ARM
		{84307812-D2AA-4AB7-9B0C-F1263F368D59}.Debug|iPhone.ActiveCfg = Debug|Any CPU
		{84307812-D2AA-4AB7-9B0C-F1263F368D59}.Debug|iPhone.Build.0 = Debug|Any CPU
		{84307812-D2AA-4AB7-9B0C-F1263F368D59}.Debug|iPhone.Deploy.0 = Debug|Any CPU
		{84307812-D2AA-4AB7-9B0C-F1263F368D59}.Debug|iPhoneSimulator.ActiveCfg = Debug|Any CPU
		{84307812-D2AA-4AB7-9B0C-F1263F368D59}.Debug|iPhoneSimulator.Build.0 = Debug|Any CPU
		{84307812-D2AA-4AB7-9B0C-F1263F368D59}.Debug|iPhoneSimulator.Deploy.0 = Debug|Any CPU
		{84307812-D2AA-4AB7-9B0C-F1263F368D59}.Debug|x64.ActiveCfg = Debug|Any CPU
		{84307812-D2AA-4AB7-9B0C-F1263F368D59}.Debug|x64.Build.0 = Debug|Any CPU
		{84307812-D2AA-4AB7-9B0C-F1263F368D59}.Debug|x64.Deploy.0 = Debug|Any CPU
		{84307812-D2AA-4AB7-9B0C-F1263F368D59}.Debug|x86.ActiveCfg = Debug|x86
		{84307812-D2AA-4AB7-9B0C-F1263F368D59}.Debug|x86.Build.0 = Debug|x86
		{84307812-D2AA-4AB7-9B0C-F1263F368D59}.Debug|x86.Deploy.0 = Debug|x86
		{84307812-D2AA-4AB7-9B0C-F1263F368D59}.Release|Any CPU.ActiveCfg = Release|Any CPU
		{84307812-D2AA-4AB7-9B0C-F1263F368D59}.Release|Any CPU.Build.0 = Release|Any CPU
		{84307812-D2AA-4AB7-9B0C-F1263F368D59}.Release|Any CPU.Deploy.0 = Release|Any CPU
		{84307812-D2AA-4AB7-9B0C-F1263F368D59}.Release|ARM.ActiveCfg = Release|ARM
		{84307812-D2AA-4AB7-9B0C-F1263F368D59}.Release|ARM.Build.0 = Release|ARM
		{84307812-D2AA-4AB7-9B0C-F1263F368D59}.Release|ARM.Deploy.0 = Release|ARM
		{84307812-D2AA-4AB7-9B0C-F1263F368D59}.Release|iPhone.ActiveCfg = Release|Any CPU
		{84307812-D2AA-4AB7-9B0C-F1263F368D59}.Release|iPhone.Build.0 = Release|Any CPU
		{84307812-D2AA-4AB7-9B0C-F1263F368D59}.Release|iPhone.Deploy.0 = Release|Any CPU
		{84307812-D2AA-4AB7-9B0C-F1263F368D59}.Release|iPhoneSimulator.ActiveCfg = Release|Any CPU
		{84307812-D2AA-4AB7-9B0C-F1263F368D59}.Release|iPhoneSimulator.Build.0 = Release|Any CPU
		{84307812-D2AA-4AB7-9B0C-F1263F368D59}.Release|iPhoneSimulator.Deploy.0 = Release|Any CPU
		{84307812-D2AA-4AB7-9B0C-F1263F368D59}.Release|x64.ActiveCfg = Release|Any CPU
		{84307812-D2AA-4AB7-9B0C-F1263F368D59}.Release|x64.Build.0 = Release|Any CPU
		{84307812-D2AA-4AB7-9B0C-F1263F368D59}.Release|x64.Deploy.0 = Release|Any CPU
		{84307812-D2AA-4AB7-9B0C-F1263F368D59}.Release|x86.ActiveCfg = Release|x86
		{84307812-D2AA-4AB7-9B0C-F1263F368D59}.Release|x86.Build.0 = Release|x86
		{84307812-D2AA-4AB7-9B0C-F1263F368D59}.Release|x86.Deploy.0 = Release|x86
		{EB7592B4-6689-4D9D-8DC0-F42726B1271D}.Ad-Hoc|Any CPU.ActiveCfg = Ad-Hoc|iPhone
		{EB7592B4-6689-4D9D-8DC0-F42726B1271D}.Ad-Hoc|ARM.ActiveCfg = Ad-Hoc|iPhone
		{EB7592B4-6689-4D9D-8DC0-F42726B1271D}.Ad-Hoc|iPhone.ActiveCfg = Ad-Hoc|iPhone
		{EB7592B4-6689-4D9D-8DC0-F42726B1271D}.Ad-Hoc|iPhone.Build.0 = Ad-Hoc|iPhone
		{EB7592B4-6689-4D9D-8DC0-F42726B1271D}.Ad-Hoc|iPhoneSimulator.ActiveCfg = Ad-Hoc|iPhoneSimulator
		{EB7592B4-6689-4D9D-8DC0-F42726B1271D}.Ad-Hoc|iPhoneSimulator.Build.0 = Ad-Hoc|iPhoneSimulator
		{EB7592B4-6689-4D9D-8DC0-F42726B1271D}.Ad-Hoc|x64.ActiveCfg = Ad-Hoc|iPhone
		{EB7592B4-6689-4D9D-8DC0-F42726B1271D}.Ad-Hoc|x86.ActiveCfg = Ad-Hoc|iPhone
		{EB7592B4-6689-4D9D-8DC0-F42726B1271D}.AppStore|Any CPU.ActiveCfg = AppStore|iPhone
		{EB7592B4-6689-4D9D-8DC0-F42726B1271D}.AppStore|ARM.ActiveCfg = AppStore|iPhone
		{EB7592B4-6689-4D9D-8DC0-F42726B1271D}.AppStore|iPhone.ActiveCfg = AppStore|iPhone
		{EB7592B4-6689-4D9D-8DC0-F42726B1271D}.AppStore|iPhone.Build.0 = AppStore|iPhone
		{EB7592B4-6689-4D9D-8DC0-F42726B1271D}.AppStore|iPhoneSimulator.ActiveCfg = AppStore|iPhoneSimulator
		{EB7592B4-6689-4D9D-8DC0-F42726B1271D}.AppStore|iPhoneSimulator.Build.0 = AppStore|iPhoneSimulator
		{EB7592B4-6689-4D9D-8DC0-F42726B1271D}.AppStore|x64.ActiveCfg = AppStore|iPhone
		{EB7592B4-6689-4D9D-8DC0-F42726B1271D}.AppStore|x86.ActiveCfg = AppStore|iPhone
		{EB7592B4-6689-4D9D-8DC0-F42726B1271D}.Debug|Any CPU.ActiveCfg = Debug|iPhone
		{EB7592B4-6689-4D9D-8DC0-F42726B1271D}.Debug|ARM.ActiveCfg = Debug|iPhone
		{EB7592B4-6689-4D9D-8DC0-F42726B1271D}.Debug|iPhone.ActiveCfg = Debug|iPhone
		{EB7592B4-6689-4D9D-8DC0-F42726B1271D}.Debug|iPhone.Build.0 = Debug|iPhone
		{EB7592B4-6689-4D9D-8DC0-F42726B1271D}.Debug|iPhoneSimulator.ActiveCfg = Debug|iPhoneSimulator
		{EB7592B4-6689-4D9D-8DC0-F42726B1271D}.Debug|iPhoneSimulator.Build.0 = Debug|iPhoneSimulator
		{EB7592B4-6689-4D9D-8DC0-F42726B1271D}.Debug|x64.ActiveCfg = Debug|iPhone
		{EB7592B4-6689-4D9D-8DC0-F42726B1271D}.Debug|x86.ActiveCfg = Debug|iPhone
		{EB7592B4-6689-4D9D-8DC0-F42726B1271D}.Release|Any CPU.ActiveCfg = Release|iPhone
		{EB7592B4-6689-4D9D-8DC0-F42726B1271D}.Release|ARM.ActiveCfg = Release|iPhone
		{EB7592B4-6689-4D9D-8DC0-F42726B1271D}.Release|iPhone.ActiveCfg = Release|iPhone
		{EB7592B4-6689-4D9D-8DC0-F42726B1271D}.Release|iPhone.Build.0 = Release|iPhone
		{EB7592B4-6689-4D9D-8DC0-F42726B1271D}.Release|iPhoneSimulator.ActiveCfg = Release|iPhoneSimulator
		{EB7592B4-6689-4D9D-8DC0-F42726B1271D}.Release|iPhoneSimulator.Build.0 = Release|iPhoneSimulator
		{EB7592B4-6689-4D9D-8DC0-F42726B1271D}.Release|x64.ActiveCfg = Release|iPhone
		{EB7592B4-6689-4D9D-8DC0-F42726B1271D}.Release|x86.ActiveCfg = Release|iPhone
		{9DA7FA80-ECE5-4345-AB02-C92E9DD4A184}.Ad-Hoc|Any CPU.ActiveCfg = Release|Any CPU
		{9DA7FA80-ECE5-4345-AB02-C92E9DD4A184}.Ad-Hoc|Any CPU.Build.0 = Release|Any CPU
		{9DA7FA80-ECE5-4345-AB02-C92E9DD4A184}.Ad-Hoc|ARM.ActiveCfg = Release|Any CPU
		{9DA7FA80-ECE5-4345-AB02-C92E9DD4A184}.Ad-Hoc|ARM.Build.0 = Release|Any CPU
		{9DA7FA80-ECE5-4345-AB02-C92E9DD4A184}.Ad-Hoc|iPhone.ActiveCfg = Release|Any CPU
		{9DA7FA80-ECE5-4345-AB02-C92E9DD4A184}.Ad-Hoc|iPhone.Build.0 = Release|Any CPU
		{9DA7FA80-ECE5-4345-AB02-C92E9DD4A184}.Ad-Hoc|iPhoneSimulator.ActiveCfg = Release|Any CPU
		{9DA7FA80-ECE5-4345-AB02-C92E9DD4A184}.Ad-Hoc|iPhoneSimulator.Build.0 = Release|Any CPU
		{9DA7FA80-ECE5-4345-AB02-C92E9DD4A184}.Ad-Hoc|x64.ActiveCfg = Release|Any CPU
		{9DA7FA80-ECE5-4345-AB02-C92E9DD4A184}.Ad-Hoc|x64.Build.0 = Release|Any CPU
		{9DA7FA80-ECE5-4345-AB02-C92E9DD4A184}.Ad-Hoc|x86.ActiveCfg = Release|Any CPU
		{9DA7FA80-ECE5-4345-AB02-C92E9DD4A184}.Ad-Hoc|x86.Build.0 = Release|Any CPU
		{9DA7FA80-ECE5-4345-AB02-C92E9DD4A184}.AppStore|Any CPU.ActiveCfg = Release|Any CPU
		{9DA7FA80-ECE5-4345-AB02-C92E9DD4A184}.AppStore|Any CPU.Build.0 = Release|Any CPU
		{9DA7FA80-ECE5-4345-AB02-C92E9DD4A184}.AppStore|ARM.ActiveCfg = Release|Any CPU
		{9DA7FA80-ECE5-4345-AB02-C92E9DD4A184}.AppStore|ARM.Build.0 = Release|Any CPU
		{9DA7FA80-ECE5-4345-AB02-C92E9DD4A184}.AppStore|iPhone.ActiveCfg = Release|Any CPU
		{9DA7FA80-ECE5-4345-AB02-C92E9DD4A184}.AppStore|iPhone.Build.0 = Release|Any CPU
		{9DA7FA80-ECE5-4345-AB02-C92E9DD4A184}.AppStore|iPhoneSimulator.ActiveCfg = Release|Any CPU
		{9DA7FA80-ECE5-4345-AB02-C92E9DD4A184}.AppStore|iPhoneSimulator.Build.0 = Release|Any CPU
		{9DA7FA80-ECE5-4345-AB02-C92E9DD4A184}.AppStore|x64.ActiveCfg = Release|Any CPU
		{9DA7FA80-ECE5-4345-AB02-C92E9DD4A184}.AppStore|x64.Build.0 = Release|Any CPU
		{9DA7FA80-ECE5-4345-AB02-C92E9DD4A184}.AppStore|x86.ActiveCfg = Release|Any CPU
		{9DA7FA80-ECE5-4345-AB02-C92E9DD4A184}.AppStore|x86.Build.0 = Release|Any CPU
		{9DA7FA80-ECE5-4345-AB02-C92E9DD4A184}.Debug|Any CPU.ActiveCfg = Debug|Any CPU
		{9DA7FA80-ECE5-4345-AB02-C92E9DD4A184}.Debug|Any CPU.Build.0 = Debug|Any CPU
		{9DA7FA80-ECE5-4345-AB02-C92E9DD4A184}.Debug|ARM.ActiveCfg = Debug|Any CPU
		{9DA7FA80-ECE5-4345-AB02-C92E9DD4A184}.Debug|ARM.Build.0 = Debug|Any CPU
		{9DA7FA80-ECE5-4345-AB02-C92E9DD4A184}.Debug|iPhone.ActiveCfg = Debug|Any CPU
		{9DA7FA80-ECE5-4345-AB02-C92E9DD4A184}.Debug|iPhone.Build.0 = Debug|Any CPU
		{9DA7FA80-ECE5-4345-AB02-C92E9DD4A184}.Debug|iPhoneSimulator.ActiveCfg = Debug|Any CPU
		{9DA7FA80-ECE5-4345-AB02-C92E9DD4A184}.Debug|iPhoneSimulator.Build.0 = Debug|Any CPU
		{9DA7FA80-ECE5-4345-AB02-C92E9DD4A184}.Debug|x64.ActiveCfg = Debug|Any CPU
		{9DA7FA80-ECE5-4345-AB02-C92E9DD4A184}.Debug|x64.Build.0 = Debug|Any CPU
		{9DA7FA80-ECE5-4345-AB02-C92E9DD4A184}.Debug|x86.ActiveCfg = Debug|Any CPU
		{9DA7FA80-ECE5-4345-AB02-C92E9DD4A184}.Debug|x86.Build.0 = Debug|Any CPU
		{9DA7FA80-ECE5-4345-AB02-C92E9DD4A184}.Release|Any CPU.ActiveCfg = Release|Any CPU
		{9DA7FA80-ECE5-4345-AB02-C92E9DD4A184}.Release|Any CPU.Build.0 = Release|Any CPU
		{9DA7FA80-ECE5-4345-AB02-C92E9DD4A184}.Release|ARM.ActiveCfg = Release|Any CPU
		{9DA7FA80-ECE5-4345-AB02-C92E9DD4A184}.Release|ARM.Build.0 = Release|Any CPU
		{9DA7FA80-ECE5-4345-AB02-C92E9DD4A184}.Release|iPhone.ActiveCfg = Release|Any CPU
		{9DA7FA80-ECE5-4345-AB02-C92E9DD4A184}.Release|iPhone.Build.0 = Release|Any CPU
		{9DA7FA80-ECE5-4345-AB02-C92E9DD4A184}.Release|iPhoneSimulator.ActiveCfg = Release|Any CPU
		{9DA7FA80-ECE5-4345-AB02-C92E9DD4A184}.Release|iPhoneSimulator.Build.0 = Release|Any CPU
		{9DA7FA80-ECE5-4345-AB02-C92E9DD4A184}.Release|x64.ActiveCfg = Release|Any CPU
		{9DA7FA80-ECE5-4345-AB02-C92E9DD4A184}.Release|x64.Build.0 = Release|Any CPU
		{9DA7FA80-ECE5-4345-AB02-C92E9DD4A184}.Release|x86.ActiveCfg = Release|Any CPU
		{9DA7FA80-ECE5-4345-AB02-C92E9DD4A184}.Release|x86.Build.0 = Release|Any CPU
	EndGlobalSection
	GlobalSection(SolutionProperties) = preSolution
		HideSolutionNode = FALSE
	EndGlobalSection
	GlobalSection(NestedProjects) = preSolution
		{1687788A-D324-4AA2-A3EF-14870AE25A9F} = {E5B3557C-512C-47B3-8D03-CDA77B1D4337}
		{3C255524-84DB-4E49-8F17-3EB9A1F14EAF} = {E5B3557C-512C-47B3-8D03-CDA77B1D4337}
		{84307812-D2AA-4AB7-9B0C-F1263F368D59} = {E5B3557C-512C-47B3-8D03-CDA77B1D4337}
	EndGlobalSection
EndGlobal
